// !$*UTF8*$!
{
	archiveVersion = 1;
	classes = {
	};
	objectVersion = 56;
	objects = {

/* Begin PBXBuildFile section */
		3A0BDDD829867E810020890D /* AppDelegate.swift in Sources */ = {isa = PBXBuildFile; fileRef = 3A0BDDD729867E810020890D /* AppDelegate.swift */; };
		3A0BDDDA29867E810020890D /* SceneDelegate.swift in Sources */ = {isa = PBXBuildFile; fileRef = 3A0BDDD929867E810020890D /* SceneDelegate.swift */; };
		3A0BDDDC29867E810020890D /* ViewController.swift in Sources */ = {isa = PBXBuildFile; fileRef = 3A0BDDDB29867E810020890D /* ViewController.swift */; };
		3A0BDDDF29867E810020890D /* Main.storyboard in Resources */ = {isa = PBXBuildFile; fileRef = 3A0BDDDD29867E810020890D /* Main.storyboard */; };
		3A0BDDE129867E830020890D /* Assets.xcassets in Resources */ = {isa = PBXBuildFile; fileRef = 3A0BDDE029867E830020890D /* Assets.xcassets */; };
		3A0BDDE429867E830020890D /* LaunchScreen.storyboard in Resources */ = {isa = PBXBuildFile; fileRef = 3A0BDDE229867E830020890D /* LaunchScreen.storyboard */; };
		3A0BDE0829867F510020890D /* StoryboardBasedViewController.swift in Sources */ = {isa = PBXBuildFile; fileRef = 3A0BDE0729867F510020890D /* StoryboardBasedViewController.swift */; };
		3A0BDE0A2986804A0020890D /* StoryboardBasedViewControllerTests.swift in Sources */ = {isa = PBXBuildFile; fileRef = 3A0BDE092986804A0020890D /* StoryboardBasedViewControllerTests.swift */; };
		3AC9B69529885630009B0F9B /* XIBBasedViewController.swift in Sources */ = {isa = PBXBuildFile; fileRef = 3AC9B69329885630009B0F9B /* XIBBasedViewController.swift */; };
		3AC9B69629885630009B0F9B /* XIBBasedViewController.xib in Resources */ = {isa = PBXBuildFile; fileRef = 3AC9B69429885630009B0F9B /* XIBBasedViewController.xib */; };
		3AC9B69829885670009B0F9B /* XIBBasedViewControllerTests.swift in Sources */ = {isa = PBXBuildFile; fileRef = 3AC9B69729885670009B0F9B /* XIBBasedViewControllerTests.swift */; };
		3AC9B69A2988576C009B0F9B /* CodeBasedViewController.swift in Sources */ = {isa = PBXBuildFile; fileRef = 3AC9B6992988576C009B0F9B /* CodeBasedViewController.swift */; };
		3AC9B69C298857EB009B0F9B /* CodeBasedViewControllerTests.swift in Sources */ = {isa = PBXBuildFile; fileRef = 3AC9B69B298857EB009B0F9B /* CodeBasedViewControllerTests.swift */; };
/* End PBXBuildFile section */

/* Begin PBXContainerItemProxy section */
		3A0BDDEB29867E830020890D /* PBXContainerItemProxy */ = {
			isa = PBXContainerItemProxy;
			containerPortal = 3A0BDDCC29867E810020890D /* Project object */;
			proxyType = 1;
			remoteGlobalIDString = 3A0BDDD329867E810020890D;
			remoteInfo = LoadViewControllers;
		};
/* End PBXContainerItemProxy section */

/* Begin PBXFileReference section */
		3A0BDDD429867E810020890D /* LoadViewControllers.app */ = {isa = PBXFileReference; explicitFileType = wrapper.application; includeInIndex = 0; path = LoadViewControllers.app; sourceTree = BUILT_PRODUCTS_DIR; };
		3A0BDDD729867E810020890D /* AppDelegate.swift */ = {isa = PBXFileReference; lastKnownFileType = sourcecode.swift; path = AppDelegate.swift; sourceTree = "<group>"; };
		3A0BDDD929867E810020890D /* SceneDelegate.swift */ = {isa = PBXFileReference; lastKnownFileType = sourcecode.swift; path = SceneDelegate.swift; sourceTree = "<group>"; };
		3A0BDDDB29867E810020890D /* ViewController.swift */ = {isa = PBXFileReference; lastKnownFileType = sourcecode.swift; path = ViewController.swift; sourceTree = "<group>"; };
		3A0BDDDE29867E810020890D /* Base */ = {isa = PBXFileReference; lastKnownFileType = file.storyboard; name = Base; path = Base.lproj/Main.storyboard; sourceTree = "<group>"; };
		3A0BDDE029867E830020890D /* Assets.xcassets */ = {isa = PBXFileReference; lastKnownFileType = folder.assetcatalog; path = Assets.xcassets; sourceTree = "<group>"; };
		3A0BDDE329867E830020890D /* Base */ = {isa = PBXFileReference; lastKnownFileType = file.storyboard; name = Base; path = Base.lproj/LaunchScreen.storyboard; sourceTree = "<group>"; };
		3A0BDDE529867E830020890D /* Info.plist */ = {isa = PBXFileReference; lastKnownFileType = text.plist.xml; path = Info.plist; sourceTree = "<group>"; };
		3A0BDDEA29867E830020890D /* LoadViewControllersTests.xctest */ = {isa = PBXFileReference; explicitFileType = wrapper.cfbundle; includeInIndex = 0; path = LoadViewControllersTests.xctest; sourceTree = BUILT_PRODUCTS_DIR; };
		3A0BDE0729867F510020890D /* StoryboardBasedViewController.swift */ = {isa = PBXFileReference; lastKnownFileType = sourcecode.swift; path = StoryboardBasedViewController.swift; sourceTree = "<group>"; };
		3A0BDE092986804A0020890D /* StoryboardBasedViewControllerTests.swift */ = {isa = PBXFileReference; lastKnownFileType = sourcecode.swift; path = StoryboardBasedViewControllerTests.swift; sourceTree = "<group>"; };
		3AC9B69329885630009B0F9B /* XIBBasedViewController.swift */ = {isa = PBXFileReference; lastKnownFileType = sourcecode.swift; path = XIBBasedViewController.swift; sourceTree = "<group>"; };
		3AC9B69429885630009B0F9B /* XIBBasedViewController.xib */ = {isa = PBXFileReference; lastKnownFileType = file.xib; path = XIBBasedViewController.xib; sourceTree = "<group>"; };
		3AC9B69729885670009B0F9B /* XIBBasedViewControllerTests.swift */ = {isa = PBXFileReference; lastKnownFileType = sourcecode.swift; path = XIBBasedViewControllerTests.swift; sourceTree = "<group>"; };
		3AC9B6992988576C009B0F9B /* CodeBasedViewController.swift */ = {isa = PBXFileReference; lastKnownFileType = sourcecode.swift; path = CodeBasedViewController.swift; sourceTree = "<group>"; };
		3AC9B69B298857EB009B0F9B /* CodeBasedViewControllerTests.swift */ = {isa = PBXFileReference; lastKnownFileType = sourcecode.swift; path = CodeBasedViewControllerTests.swift; sourceTree = "<group>"; };
/* End PBXFileReference section */

/* Begin PBXFrameworksBuildPhase section */
		3A0BDDD129867E810020890D /* Frameworks */ = {
			isa = PBXFrameworksBuildPhase;
			buildActionMask = 2147483647;
			files = (
			);
			runOnlyForDeploymentPostprocessing = 0;
		};
		3A0BDDE729867E830020890D /* Frameworks */ = {
			isa = PBXFrameworksBuildPhase;
			buildActionMask = 2147483647;
			files = (
			);
			runOnlyForDeploymentPostprocessing = 0;
		};
/* End PBXFrameworksBuildPhase section */

/* Begin PBXGroup section */
		3A0BDDCB29867E810020890D = {
			isa = PBXGroup;
			children = (
				3A0BDDD629867E810020890D /* LoadViewControllers */,
				3A0BDDED29867E830020890D /* LoadViewControllersTests */,
				3A0BDDD529867E810020890D /* Products */,
			);
			sourceTree = "<group>";
		};
		3A0BDDD529867E810020890D /* Products */ = {
			isa = PBXGroup;
			children = (
				3A0BDDD429867E810020890D /* LoadViewControllers.app */,
				3A0BDDEA29867E830020890D /* LoadViewControllersTests.xctest */,
			);
			name = Products;
			sourceTree = "<group>";
		};
		3A0BDDD629867E810020890D /* LoadViewControllers */ = {
			isa = PBXGroup;
			children = (
				3A0BDDD729867E810020890D /* AppDelegate.swift */,
				3A0BDDD929867E810020890D /* SceneDelegate.swift */,
				3A0BDDDB29867E810020890D /* ViewController.swift */,
				3A0BDDDD29867E810020890D /* Main.storyboard */,
				3A0BDDE029867E830020890D /* Assets.xcassets */,
				3A0BDDE229867E830020890D /* LaunchScreen.storyboard */,
				3A0BDDE529867E830020890D /* Info.plist */,
				3A0BDE0729867F510020890D /* StoryboardBasedViewController.swift */,
				3AC9B69329885630009B0F9B /* XIBBasedViewController.swift */,
				3AC9B69429885630009B0F9B /* XIBBasedViewController.xib */,
				3AC9B6992988576C009B0F9B /* CodeBasedViewController.swift */,
			);
			path = LoadViewControllers;
			sourceTree = "<group>";
		};
		3A0BDDED29867E830020890D /* LoadViewControllersTests */ = {
			isa = PBXGroup;
			children = (
				3A0BDE092986804A0020890D /* StoryboardBasedViewControllerTests.swift */,
				3AC9B69729885670009B0F9B /* XIBBasedViewControllerTests.swift */,
				3AC9B69B298857EB009B0F9B /* CodeBasedViewControllerTests.swift */,
			);
			path = LoadViewControllersTests;
			sourceTree = "<group>";
		};
/* End PBXGroup section */

/* Begin PBXNativeTarget section */
		3A0BDDD329867E810020890D /* LoadViewControllers */ = {
			isa = PBXNativeTarget;
			buildConfigurationList = 3A0BDDFE29867E830020890D /* Build configuration list for PBXNativeTarget "LoadViewControllers" */;
			buildPhases = (
				3A0BDDD029867E810020890D /* Sources */,
				3A0BDDD129867E810020890D /* Frameworks */,
				3A0BDDD229867E810020890D /* Resources */,
			);
			buildRules = (
			);
			dependencies = (
			);
			name = LoadViewControllers;
			productName = LoadViewControllers;
			productReference = 3A0BDDD429867E810020890D /* LoadViewControllers.app */;
			productType = "com.apple.product-type.application";
		};
		3A0BDDE929867E830020890D /* LoadViewControllersTests */ = {
			isa = PBXNativeTarget;
			buildConfigurationList = 3A0BDE0129867E830020890D /* Build configuration list for PBXNativeTarget "LoadViewControllersTests" */;
			buildPhases = (
				3A0BDDE629867E830020890D /* Sources */,
				3A0BDDE729867E830020890D /* Frameworks */,
				3A0BDDE829867E830020890D /* Resources */,
			);
			buildRules = (
			);
			dependencies = (
				3A0BDDEC29867E830020890D /* PBXTargetDependency */,
			);
			name = LoadViewControllersTests;
			productName = LoadViewControllersTests;
			productReference = 3A0BDDEA29867E830020890D /* LoadViewControllersTests.xctest */;
			productType = "com.apple.product-type.bundle.unit-test";
		};
/* End PBXNativeTarget section */

/* Begin PBXProject section */
		3A0BDDCC29867E810020890D /* Project object */ = {
			isa = PBXProject;
			attributes = {
				BuildIndependentTargetsInParallel = 1;
				LastSwiftUpdateCheck = 1400;
				LastUpgradeCheck = 1400;
				TargetAttributes = {
					3A0BDDD329867E810020890D = {
						CreatedOnToolsVersion = 14.0;
					};
					3A0BDDE929867E830020890D = {
						CreatedOnToolsVersion = 14.0;
						TestTargetID = 3A0BDDD329867E810020890D;
					};
				};
			};
			buildConfigurationList = 3A0BDDCF29867E810020890D /* Build configuration list for PBXProject "LoadViewControllers" */;
			compatibilityVersion = "Xcode 14.0";
			developmentRegion = en;
			hasScannedForEncodings = 0;
			knownRegions = (
				en,
				Base,
			);
			mainGroup = 3A0BDDCB29867E810020890D;
			productRefGroup = 3A0BDDD529867E810020890D /* Products */;
			projectDirPath = "";
			projectRoot = "";
			targets = (
				3A0BDDD329867E810020890D /* LoadViewControllers */,
				3A0BDDE929867E830020890D /* LoadViewControllersTests */,
			);
		};
/* End PBXProject section */

/* Begin PBXResourcesBuildPhase section */
		3A0BDDD229867E810020890D /* Resources */ = {
			isa = PBXResourcesBuildPhase;
			buildActionMask = 2147483647;
			files = (
				3AC9B69629885630009B0F9B /* XIBBasedViewController.xib in Resources */,
				3A0BDDE429867E830020890D /* LaunchScreen.storyboard in Resources */,
				3A0BDDE129867E830020890D /* Assets.xcassets in Resources */,
				3A0BDDDF29867E810020890D /* Main.storyboard in Resources */,
			);
			runOnlyForDeploymentPostprocessing = 0;
		};
		3A0BDDE829867E830020890D /* Resources */ = {
			isa = PBXResourcesBuildPhase;
			buildActionMask = 2147483647;
			files = (
			);
			runOnlyForDeploymentPostprocessing = 0;
		};
/* End PBXResourcesBuildPhase section */

/* Begin PBXSourcesBuildPhase section */
		3A0BDDD029867E810020890D /* Sources */ = {
			isa = PBXSourcesBuildPhase;
			buildActionMask = 2147483647;
			files = (
				3A0BDDDC29867E810020890D /* ViewController.swift in Sources */,
				3AC9B69A2988576C009B0F9B /* CodeBasedViewController.swift in Sources */,
				3AC9B69529885630009B0F9B /* XIBBasedViewController.swift in Sources */,
				3A0BDE0829867F510020890D /* StoryboardBasedViewController.swift in Sources */,
				3A0BDDD829867E810020890D /* AppDelegate.swift in Sources */,
				3A0BDDDA29867E810020890D /* SceneDelegate.swift in Sources */,
			);
			runOnlyForDeploymentPostprocessing = 0;
		};
		3A0BDDE629867E830020890D /* Sources */ = {
			isa = PBXSourcesBuildPhase;
			buildActionMask = 2147483647;
			files = (
				3AC9B69C298857EB009B0F9B /* CodeBasedViewControllerTests.swift in Sources */,
				3AC9B69829885670009B0F9B /* XIBBasedViewControllerTests.swift in Sources */,
				3A0BDE0A2986804A0020890D /* StoryboardBasedViewControllerTests.swift in Sources */,
			);
			runOnlyForDeploymentPostprocessing = 0;
		};
/* End PBXSourcesBuildPhase section */

/* Begin PBXTargetDependency section */
		3A0BDDEC29867E830020890D /* PBXTargetDependency */ = {
			isa = PBXTargetDependency;
			target = 3A0BDDD329867E810020890D /* LoadViewControllers */;
			targetProxy = 3A0BDDEB29867E830020890D /* PBXContainerItemProxy */;
		};
/* End PBXTargetDependency section */

/* Begin PBXVariantGroup section */
		3A0BDDDD29867E810020890D /* Main.storyboard */ = {
			isa = PBXVariantGroup;
			children = (
				3A0BDDDE29867E810020890D /* Base */,
			);
			name = Main.storyboard;
			sourceTree = "<group>";
		};
		3A0BDDE229867E830020890D /* LaunchScreen.storyboard */ = {
			isa = PBXVariantGroup;
			children = (
				3A0BDDE329867E830020890D /* Base */,
			);
			name = LaunchScreen.storyboard;
			sourceTree = "<group>";
		};
/* End PBXVariantGroup section */

/* Begin XCBuildConfiguration section */
		3A0BDDFC29867E830020890D /* Debug */ = {
			isa = XCBuildConfiguration;
			buildSettings = {
				ALWAYS_SEARCH_USER_PATHS = NO;
				CLANG_ANALYZER_NONNULL = YES;
				CLANG_ANALYZER_NUMBER_OBJECT_CONVERSION = YES_AGGRESSIVE;
				CLANG_CXX_LANGUAGE_STANDARD = "gnu++20";
				CLANG_ENABLE_MODULES = YES;
				CLANG_ENABLE_OBJC_ARC = YES;
				CLANG_ENABLE_OBJC_WEAK = YES;
				CLANG_WARN_BLOCK_CAPTURE_AUTORELEASING = YES;
				CLANG_WARN_BOOL_CONVERSION = YES;
				CLANG_WARN_COMMA = YES;
				CLANG_WARN_CONSTANT_CONVERSION = YES;
				CLANG_WARN_DEPRECATED_OBJC_IMPLEMENTATIONS = YES;
				CLANG_WARN_DIRECT_OBJC_ISA_USAGE = YES_ERROR;
				CLANG_WARN_DOCUMENTATION_COMMENTS = YES;
				CLANG_WARN_EMPTY_BODY = YES;
				CLANG_WARN_ENUM_CONVERSION = YES;
				CLANG_WARN_INFINITE_RECURSION = YES;
				CLANG_WARN_INT_CONVERSION = YES;
				CLANG_WARN_NON_LITERAL_NULL_CONVERSION = YES;
				CLANG_WARN_OBJC_IMPLICIT_RETAIN_SELF = YES;
				CLANG_WARN_OBJC_LITERAL_CONVERSION = YES;
				CLANG_WARN_OBJC_ROOT_CLASS = YES_ERROR;
				CLANG_WARN_QUOTED_INCLUDE_IN_FRAMEWORK_HEADER = YES;
				CLANG_WARN_RANGE_LOOP_ANALYSIS = YES;
				CLANG_WARN_STRICT_PROTOTYPES = YES;
				CLANG_WARN_SUSPICIOUS_MOVE = YES;
				CLANG_WARN_UNGUARDED_AVAILABILITY = YES_AGGRESSIVE;
				CLANG_WARN_UNREACHABLE_CODE = YES;
				CLANG_WARN__DUPLICATE_METHOD_MATCH = YES;
				COPY_PHASE_STRIP = NO;
				DEBUG_INFORMATION_FORMAT = dwarf;
				ENABLE_STRICT_OBJC_MSGSEND = YES;
				ENABLE_TESTABILITY = YES;
				GCC_C_LANGUAGE_STANDARD = gnu11;
				GCC_DYNAMIC_NO_PIC = NO;
				GCC_NO_COMMON_BLOCKS = YES;
				GCC_OPTIMIZATION_LEVEL = 0;
				GCC_PREPROCESSOR_DEFINITIONS = (
					"DEBUG=1",
					"$(inherited)",
				);
				GCC_WARN_64_TO_32_BIT_CONVERSION = YES;
				GCC_WARN_ABOUT_RETURN_TYPE = YES_ERROR;
				GCC_WARN_UNDECLARED_SELECTOR = YES;
				GCC_WARN_UNINITIALIZED_AUTOS = YES_AGGRESSIVE;
				GCC_WARN_UNUSED_FUNCTION = YES;
				GCC_WARN_UNUSED_VARIABLE = YES;
				IPHONEOS_DEPLOYMENT_TARGET = 16.0;
				MTL_ENABLE_DEBUG_INFO = INCLUDE_SOURCE;
				MTL_FAST_MATH = YES;
				ONLY_ACTIVE_ARCH = YES;
				SDKROOT = iphoneos;
				SWIFT_ACTIVE_COMPILATION_CONDITIONS = DEBUG;
				SWIFT_OPTIMIZATION_LEVEL = "-Onone";
			};
			name = Debug;
		};
		3A0BDDFD29867E830020890D /* Release */ = {
			isa = XCBuildConfiguration;
			buildSettings = {
				ALWAYS_SEARCH_USER_PATHS = NO;
				CLANG_ANALYZER_NONNULL = YES;
				CLANG_ANALYZER_NUMBER_OBJECT_CONVERSION = YES_AGGRESSIVE;
				CLANG_CXX_LANGUAGE_STANDARD = "gnu++20";
				CLANG_ENABLE_MODULES = YES;
				CLANG_ENABLE_OBJC_ARC = YES;
				CLANG_ENABLE_OBJC_WEAK = YES;
				CLANG_WARN_BLOCK_CAPTURE_AUTORELEASING = YES;
				CLANG_WARN_BOOL_CONVERSION = YES;
				CLANG_WARN_COMMA = YES;
				CLANG_WARN_CONSTANT_CONVERSION = YES;
				CLANG_WARN_DEPRECATED_OBJC_IMPLEMENTATIONS = YES;
				CLANG_WARN_DIRECT_OBJC_ISA_USAGE = YES_ERROR;
				CLANG_WARN_DOCUMENTATION_COMMENTS = YES;
				CLANG_WARN_EMPTY_BODY = YES;
				CLANG_WARN_ENUM_CONVERSION = YES;
				CLANG_WARN_INFINITE_RECURSION = YES;
				CLANG_WARN_INT_CONVERSION = YES;
				CLANG_WARN_NON_LITERAL_NULL_CONVERSION = YES;
				CLANG_WARN_OBJC_IMPLICIT_RETAIN_SELF = YES;
				CLANG_WARN_OBJC_LITERAL_CONVERSION = YES;
				CLANG_WARN_OBJC_ROOT_CLASS = YES_ERROR;
				CLANG_WARN_QUOTED_INCLUDE_IN_FRAMEWORK_HEADER = YES;
				CLANG_WARN_RANGE_LOOP_ANALYSIS = YES;
				CLANG_WARN_STRICT_PROTOTYPES = YES;
				CLANG_WARN_SUSPICIOUS_MOVE = YES;
				CLANG_WARN_UNGUARDED_AVAILABILITY = YES_AGGRESSIVE;
				CLANG_WARN_UNREACHABLE_CODE = YES;
				CLANG_WARN__DUPLICATE_METHOD_MATCH = YES;
				COPY_PHASE_STRIP = NO;
				DEBUG_INFORMATION_FORMAT = "dwarf-with-dsym";
				ENABLE_NS_ASSERTIONS = NO;
				ENABLE_STRICT_OBJC_MSGSEND = YES;
				GCC_C_LANGUAGE_STANDARD = gnu11;
				GCC_NO_COMMON_BLOCKS = YES;
				GCC_WARN_64_TO_32_BIT_CONVERSION = YES;
				GCC_WARN_ABOUT_RETURN_TYPE = YES_ERROR;
				GCC_WARN_UNDECLARED_SELECTOR = YES;
				GCC_WARN_UNINITIALIZED_AUTOS = YES_AGGRESSIVE;
				GCC_WARN_UNUSED_FUNCTION = YES;
				GCC_WARN_UNUSED_VARIABLE = YES;
				IPHONEOS_DEPLOYMENT_TARGET = 16.0;
				MTL_ENABLE_DEBUG_INFO = NO;
				MTL_FAST_MATH = YES;
				SDKROOT = iphoneos;
				SWIFT_COMPILATION_MODE = wholemodule;
				SWIFT_OPTIMIZATION_LEVEL = "-O";
				VALIDATE_PRODUCT = YES;
			};
			name = Release;
		};
		3A0BDDFF29867E830020890D /* Debug */ = {
			isa = XCBuildConfiguration;
			buildSettings = {
				ASSETCATALOG_COMPILER_APPICON_NAME = AppIcon;
				ASSETCATALOG_COMPILER_GLOBAL_ACCENT_COLOR_NAME = AccentColor;
				CODE_SIGN_STYLE = Automatic;
				CURRENT_PROJECT_VERSION = 1;
				DEVELOPMENT_TEAM = 938JD88GS4;
				GENERATE_INFOPLIST_FILE = YES;
				INFOPLIST_FILE = LoadViewControllers/Info.plist;
				INFOPLIST_KEY_UIApplicationSupportsIndirectInputEvents = YES;
				INFOPLIST_KEY_UILaunchStoryboardName = LaunchScreen;
				INFOPLIST_KEY_UIMainStoryboardFile = Main;
				INFOPLIST_KEY_UISupportedInterfaceOrientations_iPad = "UIInterfaceOrientationPortrait UIInterfaceOrientationPortraitUpsideDown UIInterfaceOrientationLandscapeLeft UIInterfaceOrientationLandscapeRight";
				INFOPLIST_KEY_UISupportedInterfaceOrientations_iPhone = "UIInterfaceOrientationPortrait UIInterfaceOrientationLandscapeLeft UIInterfaceOrientationLandscapeRight";
				LD_RUNPATH_SEARCH_PATHS = (
					"$(inherited)",
					"@executable_path/Frameworks",
				);
				MARKETING_VERSION = 1.0;
				PRODUCT_BUNDLE_IDENTIFIER = com.ayush.LoadViewControllers;
				PRODUCT_NAME = "$(TARGET_NAME)";
				SWIFT_EMIT_LOC_STRINGS = YES;
				SWIFT_VERSION = 5.0;
				TARGETED_DEVICE_FAMILY = "1,2";
			};
			name = Debug;
		};
		3A0BDE0029867E830020890D /* Release */ = {
			isa = XCBuildConfiguration;
			buildSettings = {
				ASSETCATALOG_COMPILER_APPICON_NAME = AppIcon;
				ASSETCATALOG_COMPILER_GLOBAL_ACCENT_COLOR_NAME = AccentColor;
				CODE_SIGN_STYLE = Automatic;
				CURRENT_PROJECT_VERSION = 1;
				DEVELOPMENT_TEAM = 938JD88GS4;
				GENERATE_INFOPLIST_FILE = YES;
				INFOPLIST_FILE = LoadViewControllers/Info.plist;
				INFOPLIST_KEY_UIApplicationSupportsIndirectInputEvents = YES;
				INFOPLIST_KEY_UILaunchStoryboardName = LaunchScreen;
				INFOPLIST_KEY_UIMainStoryboardFile = Main;
				INFOPLIST_KEY_UISupportedInterfaceOrientations_iPad = "UIInterfaceOrientationPortrait UIInterfaceOrientationPortraitUpsideDown UIInterfaceOrientationLandscapeLeft UIInterfaceOrientationLandscapeRight";
				INFOPLIST_KEY_UISupportedInterfaceOrientations_iPhone = "UIInterfaceOrientationPortrait UIInterfaceOrientationLandscapeLeft UIInterfaceOrientationLandscapeRight";
				LD_RUNPATH_SEARCH_PATHS = (
					"$(inherited)",
					"@executable_path/Frameworks",
				);
				MARKETING_VERSION = 1.0;
				PRODUCT_BUNDLE_IDENTIFIER = com.ayush.LoadViewControllers;
				PRODUCT_NAME = "$(TARGET_NAME)";
				SWIFT_EMIT_LOC_STRINGS = YES;
				SWIFT_VERSION = 5.0;
				TARGETED_DEVICE_FAMILY = "1,2";
			};
			name = Release;
		};
		3A0BDE0229867E830020890D /* Debug */ = {
			isa = XCBuildConfiguration;
			buildSettings = {
				ALWAYS_EMBED_SWIFT_STANDARD_LIBRARIES = YES;
				BUNDLE_LOADER = "$(TEST_HOST)";
				CODE_SIGN_STYLE = Automatic;
				CURRENT_PROJECT_VERSION = 1;
				DEVELOPMENT_TEAM = 938JD88GS4;
				GENERATE_INFOPLIST_FILE = YES;
				IPHONEOS_DEPLOYMENT_TARGET = 16.0;
				MARKETING_VERSION = 1.0;
				PRODUCT_BUNDLE_IDENTIFIER = com.ayush.LoadViewControllersTests;
				PRODUCT_NAME = "$(TARGET_NAME)";
				SWIFT_EMIT_LOC_STRINGS = NO;
				SWIFT_VERSION = 5.0;
				TARGETED_DEVICE_FAMILY = "1,2";
				TEST_HOST = "$(BUILT_PRODUCTS_DIR)/LoadViewControllers.app/$(BUNDLE_EXECUTABLE_FOLDER_PATH)/LoadViewControllers";
			};
			name = Debug;
		};
		3A0BDE0329867E830020890D /* Release */ = {
			isa = XCBuildConfiguration;
			buildSettings = {
				ALWAYS_EMBED_SWIFT_STANDARD_LIBRARIES = YES;
				BUNDLE_LOADER = "$(TEST_HOST)";
				CODE_SIGN_STYLE = Automatic;
				CURRENT_PROJECT_VERSION = 1;
				DEVELOPMENT_TEAM = 938JD88GS4;
				GENERATE_INFOPLIST_FILE = YES;
				IPHONEOS_DEPLOYMENT_TARGET = 16.0;
				MARKETING_VERSION = 1.0;
				PRODUCT_BUNDLE_IDENTIFIER = com.ayush.LoadViewControllersTests;
				PRODUCT_NAME = "$(TARGET_NAME)";
				SWIFT_EMIT_LOC_STRINGS = NO;
				SWIFT_VERSION = 5.0;
				TARGETED_DEVICE_FAMILY = "1,2";
				TEST_HOST = "$(BUILT_PRODUCTS_DIR)/LoadViewControllers.app/$(BUNDLE_EXECUTABLE_FOLDER_PATH)/LoadViewControllers";
			};
			name = Release;
		};
/* End XCBuildConfiguration section */

/* Begin XCConfigurationList section */
		3A0BDDCF29867E810020890D /* Build configuration list for PBXProject "LoadViewControllers" */ = {
			isa = XCConfigurationList;
			buildConfigurations = (
				3A0BDDFC29867E830020890D /* Debug */,
				3A0BDDFD29867E830020890D /* Release */,
			);
			defaultConfigurationIsVisible = 0;
			defaultConfigurationName = Release;
		};
		3A0BDDFE29867E830020890D /* Build configuration list for PBXNativeTarget "LoadViewControllers" */ = {
			isa = XCConfigurationList;
			buildConfigurations = (
				3A0BDDFF29867E830020890D /* Debug */,
				3A0BDE0029867E830020890D /* Release */,
			);
			defaultConfigurationIsVisible = 0;
			defaultConfigurationName = Release;
		};
		3A0BDE0129867E830020890D /* Build configuration list for PBXNativeTarget "LoadViewControllersTests" */ = {
			isa = XCConfigurationList;
			buildConfigurations = (
				3A0BDE0229867E830020890D /* Debug */,
				3A0BDE0329867E830020890D /* Release */,
			);
			defaultConfigurationIsVisible = 0;
			defaultConfigurationName = Release;
		};
/* End XCConfigurationList section */
	};
	rootObject = 3A0BDDCC29867E810020890D /* Project object */;
}
