// !$*UTF8*$!
{
	archiveVersion = 1;
	classes = {
	};
	objectVersion = 56;
	objects = {

/* Begin PBXBuildFile section */
		3A4CC8BF29BC964E0093CFFC /* AppDelegate.swift in Sources */ = {isa = PBXBuildFile; fileRef = 3A4CC8BE29BC964E0093CFFC /* AppDelegate.swift */; };
		3A4CC8C129BC964E0093CFFC /* SceneDelegate.swift in Sources */ = {isa = PBXBuildFile; fileRef = 3A4CC8C029BC964E0093CFFC /* SceneDelegate.swift */; };
		3A4CC8C329BC964E0093CFFC /* ViewController.swift in Sources */ = {isa = PBXBuildFile; fileRef = 3A4CC8C229BC964E0093CFFC /* ViewController.swift */; };
		3A4CC8C629BC964E0093CFFC /* Main.storyboard in Resources */ = {isa = PBXBuildFile; fileRef = 3A4CC8C429BC964E0093CFFC /* Main.storyboard */; };
		3A4CC8C829BC964F0093CFFC /* Assets.xcassets in Resources */ = {isa = PBXBuildFile; fileRef = 3A4CC8C729BC964F0093CFFC /* Assets.xcassets */; };
		3A4CC8CB29BC964F0093CFFC /* LaunchScreen.storyboard in Resources */ = {isa = PBXBuildFile; fileRef = 3A4CC8C929BC964F0093CFFC /* LaunchScreen.storyboard */; };
		3A4CC8D629BC964F0093CFFC /* RefactoringTests.swift in Sources */ = {isa = PBXBuildFile; fileRef = 3A4CC8D529BC964F0093CFFC /* RefactoringTests.swift */; };
		3A4CC8EF29BC99070093CFFC /* ChangePasswordViewController.swift in Sources */ = {isa = PBXBuildFile; fileRef = 3A4CC8EE29BC99070093CFFC /* ChangePasswordViewController.swift */; };
		3AAD421929BE538E00E457F1 /* PasswordChanger.swift in Sources */ = {isa = PBXBuildFile; fileRef = 3AAD421829BE538E00E457F1 /* PasswordChanger.swift */; };
/* End PBXBuildFile section */

/* Begin PBXContainerItemProxy section */
		3A4CC8D229BC964F0093CFFC /* PBXContainerItemProxy */ = {
			isa = PBXContainerItemProxy;
			containerPortal = 3A4CC8B329BC964D0093CFFC /* Project object */;
			proxyType = 1;
			remoteGlobalIDString = 3A4CC8BA29BC964D0093CFFC;
			remoteInfo = Refactoring;
		};
/* End PBXContainerItemProxy section */

/* Begin PBXFileReference section */
		3A4CC8BB29BC964E0093CFFC /* Refactoring.app */ = {isa = PBXFileReference; explicitFileType = wrapper.application; includeInIndex = 0; path = Refactoring.app; sourceTree = BUILT_PRODUCTS_DIR; };
		3A4CC8BE29BC964E0093CFFC /* AppDelegate.swift */ = {isa = PBXFileReference; lastKnownFileType = sourcecode.swift; path = AppDelegate.swift; sourceTree = "<group>"; };
		3A4CC8C029BC964E0093CFFC /* SceneDelegate.swift */ = {isa = PBXFileReference; lastKnownFileType = sourcecode.swift; path = SceneDelegate.swift; sourceTree = "<group>"; };
		3A4CC8C229BC964E0093CFFC /* ViewController.swift */ = {isa = PBXFileReference; lastKnownFileType = sourcecode.swift; path = ViewController.swift; sourceTree = "<group>"; };
		3A4CC8C529BC964E0093CFFC /* Base */ = {isa = PBXFileReference; lastKnownFileType = file.storyboard; name = Base; path = Base.lproj/Main.storyboard; sourceTree = "<group>"; };
		3A4CC8C729BC964F0093CFFC /* Assets.xcassets */ = {isa = PBXFileReference; lastKnownFileType = folder.assetcatalog; path = Assets.xcassets; sourceTree = "<group>"; };
		3A4CC8CA29BC964F0093CFFC /* Base */ = {isa = PBXFileReference; lastKnownFileType = file.storyboard; name = Base; path = Base.lproj/LaunchScreen.storyboard; sourceTree = "<group>"; };
		3A4CC8CC29BC964F0093CFFC /* Info.plist */ = {isa = PBXFileReference; lastKnownFileType = text.plist.xml; path = Info.plist; sourceTree = "<group>"; };
		3A4CC8D129BC964F0093CFFC /* RefactoringTests.xctest */ = {isa = PBXFileReference; explicitFileType = wrapper.cfbundle; includeInIndex = 0; path = RefactoringTests.xctest; sourceTree = BUILT_PRODUCTS_DIR; };
		3A4CC8D529BC964F0093CFFC /* RefactoringTests.swift */ = {isa = PBXFileReference; lastKnownFileType = sourcecode.swift; path = RefactoringTests.swift; sourceTree = "<group>"; };
		3A4CC8EE29BC99070093CFFC /* ChangePasswordViewController.swift */ = {isa = PBXFileReference; lastKnownFileType = sourcecode.swift; path = ChangePasswordViewController.swift; sourceTree = "<group>"; };
		3AAD421829BE538E00E457F1 /* PasswordChanger.swift */ = {isa = PBXFileReference; lastKnownFileType = sourcecode.swift; path = PasswordChanger.swift; sourceTree = "<group>"; };
/* End PBXFileReference section */

/* Begin PBXFrameworksBuildPhase section */
		3A4CC8B829BC964D0093CFFC /* Frameworks */ = {
			isa = PBXFrameworksBuildPhase;
			buildActionMask = 2147483647;
			files = (
			);
			runOnlyForDeploymentPostprocessing = 0;
		};
		3A4CC8CE29BC964F0093CFFC /* Frameworks */ = {
			isa = PBXFrameworksBuildPhase;
			buildActionMask = 2147483647;
			files = (
			);
			runOnlyForDeploymentPostprocessing = 0;
		};
/* End PBXFrameworksBuildPhase section */

/* Begin PBXGroup section */
		3A4CC8B229BC964D0093CFFC = {
			isa = PBXGroup;
			children = (
				3A4CC8BD29BC964E0093CFFC /* Refactoring */,
				3A4CC8D429BC964F0093CFFC /* RefactoringTests */,
				3A4CC8BC29BC964E0093CFFC /* Products */,
			);
			sourceTree = "<group>";
		};
		3A4CC8BC29BC964E0093CFFC /* Products */ = {
			isa = PBXGroup;
			children = (
				3A4CC8BB29BC964E0093CFFC /* Refactoring.app */,
				3A4CC8D129BC964F0093CFFC /* RefactoringTests.xctest */,
			);
			name = Products;
			sourceTree = "<group>";
		};
		3A4CC8BD29BC964E0093CFFC /* Refactoring */ = {
			isa = PBXGroup;
			children = (
				3A4CC8BE29BC964E0093CFFC /* AppDelegate.swift */,
				3A4CC8C029BC964E0093CFFC /* SceneDelegate.swift */,
				3A4CC8C229BC964E0093CFFC /* ViewController.swift */,
				3A4CC8C429BC964E0093CFFC /* Main.storyboard */,
				3A4CC8C729BC964F0093CFFC /* Assets.xcassets */,
				3A4CC8C929BC964F0093CFFC /* LaunchScreen.storyboard */,
				3A4CC8CC29BC964F0093CFFC /* Info.plist */,
				3A4CC8EE29BC99070093CFFC /* ChangePasswordViewController.swift */,
				3AAD421829BE538E00E457F1 /* PasswordChanger.swift */,
			);
			path = Refactoring;
			sourceTree = "<group>";
		};
		3A4CC8D429BC964F0093CFFC /* RefactoringTests */ = {
			isa = PBXGroup;
			children = (
				3A4CC8D529BC964F0093CFFC /* RefactoringTests.swift */,
			);
			path = RefactoringTests;
			sourceTree = "<group>";
		};
/* End PBXGroup section */

/* Begin PBXNativeTarget section */
		3A4CC8BA29BC964D0093CFFC /* Refactoring */ = {
			isa = PBXNativeTarget;
			buildConfigurationList = 3A4CC8E529BC964F0093CFFC /* Build configuration list for PBXNativeTarget "Refactoring" */;
			buildPhases = (
				3A4CC8B729BC964D0093CFFC /* Sources */,
				3A4CC8B829BC964D0093CFFC /* Frameworks */,
				3A4CC8B929BC964D0093CFFC /* Resources */,
			);
			buildRules = (
			);
			dependencies = (
			);
			name = Refactoring;
			productName = Refactoring;
			productReference = 3A4CC8BB29BC964E0093CFFC /* Refactoring.app */;
			productType = "com.apple.product-type.application";
		};
		3A4CC8D029BC964F0093CFFC /* RefactoringTests */ = {
			isa = PBXNativeTarget;
			buildConfigurationList = 3A4CC8E829BC964F0093CFFC /* Build configuration list for PBXNativeTarget "RefactoringTests" */;
			buildPhases = (
				3A4CC8CD29BC964F0093CFFC /* Sources */,
				3A4CC8CE29BC964F0093CFFC /* Frameworks */,
				3A4CC8CF29BC964F0093CFFC /* Resources */,
			);
			buildRules = (
			);
			dependencies = (
				3A4CC8D329BC964F0093CFFC /* PBXTargetDependency */,
			);
			name = RefactoringTests;
			productName = RefactoringTests;
			productReference = 3A4CC8D129BC964F0093CFFC /* RefactoringTests.xctest */;
			productType = "com.apple.product-type.bundle.unit-test";
		};
/* End PBXNativeTarget section */

/* Begin PBXProject section */
		3A4CC8B329BC964D0093CFFC /* Project object */ = {
			isa = PBXProject;
			attributes = {
				BuildIndependentTargetsInParallel = 1;
				LastSwiftUpdateCheck = 1420;
				LastUpgradeCheck = 1420;
				TargetAttributes = {
					3A4CC8BA29BC964D0093CFFC = {
						CreatedOnToolsVersion = 14.2;
					};
					3A4CC8D029BC964F0093CFFC = {
						CreatedOnToolsVersion = 14.2;
						TestTargetID = 3A4CC8BA29BC964D0093CFFC;
					};
				};
			};
			buildConfigurationList = 3A4CC8B629BC964D0093CFFC /* Build configuration list for PBXProject "Refactoring" */;
			compatibilityVersion = "Xcode 14.0";
			developmentRegion = en;
			hasScannedForEncodings = 0;
			knownRegions = (
				en,
				Base,
			);
			mainGroup = 3A4CC8B229BC964D0093CFFC;
			productRefGroup = 3A4CC8BC29BC964E0093CFFC /* Products */;
			projectDirPath = "";
			projectRoot = "";
			targets = (
				3A4CC8BA29BC964D0093CFFC /* Refactoring */,
				3A4CC8D029BC964F0093CFFC /* RefactoringTests */,
			);
		};
/* End PBXProject section */

/* Begin PBXResourcesBuildPhase section */
		3A4CC8B929BC964D0093CFFC /* Resources */ = {
			isa = PBXResourcesBuildPhase;
			buildActionMask = 2147483647;
			files = (
				3A4CC8CB29BC964F0093CFFC /* LaunchScreen.storyboard in Resources */,
				3A4CC8C829BC964F0093CFFC /* Assets.xcassets in Resources */,
				3A4CC8C629BC964E0093CFFC /* Main.storyboard in Resources */,
			);
			runOnlyForDeploymentPostprocessing = 0;
		};
		3A4CC8CF29BC964F0093CFFC /* Resources */ = {
			isa = PBXResourcesBuildPhase;
			buildActionMask = 2147483647;
			files = (
			);
			runOnlyForDeploymentPostprocessing = 0;
		};
/* End PBXResourcesBuildPhase section */

/* Begin PBXSourcesBuildPhase section */
		3A4CC8B729BC964D0093CFFC /* Sources */ = {
			isa = PBXSourcesBuildPhase;
			buildActionMask = 2147483647;
			files = (
				3AAD421929BE538E00E457F1 /* PasswordChanger.swift in Sources */,
				3A4CC8C329BC964E0093CFFC /* ViewController.swift in Sources */,
				3A4CC8EF29BC99070093CFFC /* ChangePasswordViewController.swift in Sources */,
				3A4CC8BF29BC964E0093CFFC /* AppDelegate.swift in Sources */,
				3A4CC8C129BC964E0093CFFC /* SceneDelegate.swift in Sources */,
			);
			runOnlyForDeploymentPostprocessing = 0;
		};
		3A4CC8CD29BC964F0093CFFC /* Sources */ = {
			isa = PBXSourcesBuildPhase;
			buildActionMask = 2147483647;
			files = (
				3A4CC8D629BC964F0093CFFC /* RefactoringTests.swift in Sources */,
			);
			runOnlyForDeploymentPostprocessing = 0;
		};
/* End PBXSourcesBuildPhase section */

/* Begin PBXTargetDependency section */
		3A4CC8D329BC964F0093CFFC /* PBXTargetDependency */ = {
			isa = PBXTargetDependency;
			target = 3A4CC8BA29BC964D0093CFFC /* Refactoring */;
			targetProxy = 3A4CC8D229BC964F0093CFFC /* PBXContainerItemProxy */;
		};
/* End PBXTargetDependency section */

/* Begin PBXVariantGroup section */
		3A4CC8C429BC964E0093CFFC /* Main.storyboard */ = {
			isa = PBXVariantGroup;
			children = (
				3A4CC8C529BC964E0093CFFC /* Base */,
			);
			name = Main.storyboard;
			sourceTree = "<group>";
		};
		3A4CC8C929BC964F0093CFFC /* LaunchScreen.storyboard */ = {
			isa = PBXVariantGroup;
			children = (
				3A4CC8CA29BC964F0093CFFC /* Base */,
			);
			name = LaunchScreen.storyboard;
			sourceTree = "<group>";
		};
/* End PBXVariantGroup section */

/* Begin XCBuildConfiguration section */
		3A4CC8E329BC964F0093CFFC /* Debug */ = {
			isa = XCBuildConfiguration;
			buildSettings = {
				ALWAYS_SEARCH_USER_PATHS = NO;
				CLANG_ANALYZER_NONNULL = YES;
				CLANG_ANALYZER_NUMBER_OBJECT_CONVERSION = YES_AGGRESSIVE;
				CLANG_CXX_LANGUAGE_STANDARD = "gnu++20";
				CLANG_ENABLE_MODULES = YES;
				CLANG_ENABLE_OBJC_ARC = YES;
				CLANG_ENABLE_OBJC_WEAK = YES;
				CLANG_WARN_BLOCK_CAPTURE_AUTORELEASING = YES;
				CLANG_WARN_BOOL_CONVERSION = YES;
				CLANG_WARN_COMMA = YES;
				CLANG_WARN_CONSTANT_CONVERSION = YES;
				CLANG_WARN_DEPRECATED_OBJC_IMPLEMENTATIONS = YES;
				CLANG_WARN_DIRECT_OBJC_ISA_USAGE = YES_ERROR;
				CLANG_WARN_DOCUMENTATION_COMMENTS = YES;
				CLANG_WARN_EMPTY_BODY = YES;
				CLANG_WARN_ENUM_CONVERSION = YES;
				CLANG_WARN_INFINITE_RECURSION = YES;
				CLANG_WARN_INT_CONVERSION = YES;
				CLANG_WARN_NON_LITERAL_NULL_CONVERSION = YES;
				CLANG_WARN_OBJC_IMPLICIT_RETAIN_SELF = YES;
				CLANG_WARN_OBJC_LITERAL_CONVERSION = YES;
				CLANG_WARN_OBJC_ROOT_CLASS = YES_ERROR;
				CLANG_WARN_QUOTED_INCLUDE_IN_FRAMEWORK_HEADER = YES;
				CLANG_WARN_RANGE_LOOP_ANALYSIS = YES;
				CLANG_WARN_STRICT_PROTOTYPES = YES;
				CLANG_WARN_SUSPICIOUS_MOVE = YES;
				CLANG_WARN_UNGUARDED_AVAILABILITY = YES_AGGRESSIVE;
				CLANG_WARN_UNREACHABLE_CODE = YES;
				CLANG_WARN__DUPLICATE_METHOD_MATCH = YES;
				COPY_PHASE_STRIP = NO;
				DEBUG_INFORMATION_FORMAT = dwarf;
				ENABLE_STRICT_OBJC_MSGSEND = YES;
				ENABLE_TESTABILITY = YES;
				GCC_C_LANGUAGE_STANDARD = gnu11;
				GCC_DYNAMIC_NO_PIC = NO;
				GCC_NO_COMMON_BLOCKS = YES;
				GCC_OPTIMIZATION_LEVEL = 0;
				GCC_PREPROCESSOR_DEFINITIONS = (
					"DEBUG=1",
					"$(inherited)",
				);
				GCC_WARN_64_TO_32_BIT_CONVERSION = YES;
				GCC_WARN_ABOUT_RETURN_TYPE = YES_ERROR;
				GCC_WARN_UNDECLARED_SELECTOR = YES;
				GCC_WARN_UNINITIALIZED_AUTOS = YES_AGGRESSIVE;
				GCC_WARN_UNUSED_FUNCTION = YES;
				GCC_WARN_UNUSED_VARIABLE = YES;
				IPHONEOS_DEPLOYMENT_TARGET = 16.2;
				MTL_ENABLE_DEBUG_INFO = INCLUDE_SOURCE;
				MTL_FAST_MATH = YES;
				ONLY_ACTIVE_ARCH = YES;
				SDKROOT = iphoneos;
				SWIFT_ACTIVE_COMPILATION_CONDITIONS = DEBUG;
				SWIFT_OPTIMIZATION_LEVEL = "-Onone";
			};
			name = Debug;
		};
		3A4CC8E429BC964F0093CFFC /* Release */ = {
			isa = XCBuildConfiguration;
			buildSettings = {
				ALWAYS_SEARCH_USER_PATHS = NO;
				CLANG_ANALYZER_NONNULL = YES;
				CLANG_ANALYZER_NUMBER_OBJECT_CONVERSION = YES_AGGRESSIVE;
				CLANG_CXX_LANGUAGE_STANDARD = "gnu++20";
				CLANG_ENABLE_MODULES = YES;
				CLANG_ENABLE_OBJC_ARC = YES;
				CLANG_ENABLE_OBJC_WEAK = YES;
				CLANG_WARN_BLOCK_CAPTURE_AUTORELEASING = YES;
				CLANG_WARN_BOOL_CONVERSION = YES;
				CLANG_WARN_COMMA = YES;
				CLANG_WARN_CONSTANT_CONVERSION = YES;
				CLANG_WARN_DEPRECATED_OBJC_IMPLEMENTATIONS = YES;
				CLANG_WARN_DIRECT_OBJC_ISA_USAGE = YES_ERROR;
				CLANG_WARN_DOCUMENTATION_COMMENTS = YES;
				CLANG_WARN_EMPTY_BODY = YES;
				CLANG_WARN_ENUM_CONVERSION = YES;
				CLANG_WARN_INFINITE_RECURSION = YES;
				CLANG_WARN_INT_CONVERSION = YES;
				CLANG_WARN_NON_LITERAL_NULL_CONVERSION = YES;
				CLANG_WARN_OBJC_IMPLICIT_RETAIN_SELF = YES;
				CLANG_WARN_OBJC_LITERAL_CONVERSION = YES;
				CLANG_WARN_OBJC_ROOT_CLASS = YES_ERROR;
				CLANG_WARN_QUOTED_INCLUDE_IN_FRAMEWORK_HEADER = YES;
				CLANG_WARN_RANGE_LOOP_ANALYSIS = YES;
				CLANG_WARN_STRICT_PROTOTYPES = YES;
				CLANG_WARN_SUSPICIOUS_MOVE = YES;
				CLANG_WARN_UNGUARDED_AVAILABILITY = YES_AGGRESSIVE;
				CLANG_WARN_UNREACHABLE_CODE = YES;
				CLANG_WARN__DUPLICATE_METHOD_MATCH = YES;
				COPY_PHASE_STRIP = NO;
				DEBUG_INFORMATION_FORMAT = "dwarf-with-dsym";
				ENABLE_NS_ASSERTIONS = NO;
				ENABLE_STRICT_OBJC_MSGSEND = YES;
				GCC_C_LANGUAGE_STANDARD = gnu11;
				GCC_NO_COMMON_BLOCKS = YES;
				GCC_WARN_64_TO_32_BIT_CONVERSION = YES;
				GCC_WARN_ABOUT_RETURN_TYPE = YES_ERROR;
				GCC_WARN_UNDECLARED_SELECTOR = YES;
				GCC_WARN_UNINITIALIZED_AUTOS = YES_AGGRESSIVE;
				GCC_WARN_UNUSED_FUNCTION = YES;
				GCC_WARN_UNUSED_VARIABLE = YES;
				IPHONEOS_DEPLOYMENT_TARGET = 16.2;
				MTL_ENABLE_DEBUG_INFO = NO;
				MTL_FAST_MATH = YES;
				SDKROOT = iphoneos;
				SWIFT_COMPILATION_MODE = wholemodule;
				SWIFT_OPTIMIZATION_LEVEL = "-O";
				VALIDATE_PRODUCT = YES;
			};
			name = Release;
		};
		3A4CC8E629BC964F0093CFFC /* Debug */ = {
			isa = XCBuildConfiguration;
			buildSettings = {
				ASSETCATALOG_COMPILER_APPICON_NAME = AppIcon;
				ASSETCATALOG_COMPILER_GLOBAL_ACCENT_COLOR_NAME = AccentColor;
				CODE_SIGN_STYLE = Automatic;
				CURRENT_PROJECT_VERSION = 1;
				DEVELOPMENT_TEAM = 938JD88GS4;
				GENERATE_INFOPLIST_FILE = YES;
				INFOPLIST_FILE = Refactoring/Info.plist;
				INFOPLIST_KEY_UIApplicationSupportsIndirectInputEvents = YES;
				INFOPLIST_KEY_UILaunchStoryboardName = LaunchScreen;
				INFOPLIST_KEY_UIMainStoryboardFile = Main;
				INFOPLIST_KEY_UISupportedInterfaceOrientations_iPad = "UIInterfaceOrientationPortrait UIInterfaceOrientationPortraitUpsideDown UIInterfaceOrientationLandscapeLeft UIInterfaceOrientationLandscapeRight";
				INFOPLIST_KEY_UISupportedInterfaceOrientations_iPhone = "UIInterfaceOrientationPortrait UIInterfaceOrientationLandscapeLeft UIInterfaceOrientationLandscapeRight";
				LD_RUNPATH_SEARCH_PATHS = (
					"$(inherited)",
					"@executable_path/Frameworks",
				);
				MARKETING_VERSION = 1.0;
				PRODUCT_BUNDLE_IDENTIFIER = com.ayush.Refactoring;
				PRODUCT_NAME = "$(TARGET_NAME)";
				SWIFT_EMIT_LOC_STRINGS = YES;
				SWIFT_VERSION = 5.0;
				TARGETED_DEVICE_FAMILY = "1,2";
			};
			name = Debug;
		};
		3A4CC8E729BC964F0093CFFC /* Release */ = {
			isa = XCBuildConfiguration;
			buildSettings = {
				ASSETCATALOG_COMPILER_APPICON_NAME = AppIcon;
				ASSETCATALOG_COMPILER_GLOBAL_ACCENT_COLOR_NAME = AccentColor;
				CODE_SIGN_STYLE = Automatic;
				CURRENT_PROJECT_VERSION = 1;
				DEVELOPMENT_TEAM = 938JD88GS4;
				GENERATE_INFOPLIST_FILE = YES;
				INFOPLIST_FILE = Refactoring/Info.plist;
				INFOPLIST_KEY_UIApplicationSupportsIndirectInputEvents = YES;
				INFOPLIST_KEY_UILaunchStoryboardName = LaunchScreen;
				INFOPLIST_KEY_UIMainStoryboardFile = Main;
				INFOPLIST_KEY_UISupportedInterfaceOrientations_iPad = "UIInterfaceOrientationPortrait UIInterfaceOrientationPortraitUpsideDown UIInterfaceOrientationLandscapeLeft UIInterfaceOrientationLandscapeRight";
				INFOPLIST_KEY_UISupportedInterfaceOrientations_iPhone = "UIInterfaceOrientationPortrait UIInterfaceOrientationLandscapeLeft UIInterfaceOrientationLandscapeRight";
				LD_RUNPATH_SEARCH_PATHS = (
					"$(inherited)",
					"@executable_path/Frameworks",
				);
				MARKETING_VERSION = 1.0;
				PRODUCT_BUNDLE_IDENTIFIER = com.ayush.Refactoring;
				PRODUCT_NAME = "$(TARGET_NAME)";
				SWIFT_EMIT_LOC_STRINGS = YES;
				SWIFT_VERSION = 5.0;
				TARGETED_DEVICE_FAMILY = "1,2";
			};
			name = Release;
		};
		3A4CC8E929BC964F0093CFFC /* Debug */ = {
			isa = XCBuildConfiguration;
			buildSettings = {
				ALWAYS_EMBED_SWIFT_STANDARD_LIBRARIES = YES;
				BUNDLE_LOADER = "$(TEST_HOST)";
				CODE_SIGN_STYLE = Automatic;
				CURRENT_PROJECT_VERSION = 1;
				DEVELOPMENT_TEAM = 938JD88GS4;
				GENERATE_INFOPLIST_FILE = YES;
				IPHONEOS_DEPLOYMENT_TARGET = 16.2;
				MARKETING_VERSION = 1.0;
				PRODUCT_BUNDLE_IDENTIFIER = com.ayush.RefactoringTests;
				PRODUCT_NAME = "$(TARGET_NAME)";
				SWIFT_EMIT_LOC_STRINGS = NO;
				SWIFT_VERSION = 5.0;
				TARGETED_DEVICE_FAMILY = "1,2";
				TEST_HOST = "$(BUILT_PRODUCTS_DIR)/Refactoring.app/$(BUNDLE_EXECUTABLE_FOLDER_PATH)/Refactoring";
			};
			name = Debug;
		};
		3A4CC8EA29BC964F0093CFFC /* Release */ = {
			isa = XCBuildConfiguration;
			buildSettings = {
				ALWAYS_EMBED_SWIFT_STANDARD_LIBRARIES = YES;
				BUNDLE_LOADER = "$(TEST_HOST)";
				CODE_SIGN_STYLE = Automatic;
				CURRENT_PROJECT_VERSION = 1;
				DEVELOPMENT_TEAM = 938JD88GS4;
				GENERATE_INFOPLIST_FILE = YES;
				IPHONEOS_DEPLOYMENT_TARGET = 16.2;
				MARKETING_VERSION = 1.0;
				PRODUCT_BUNDLE_IDENTIFIER = com.ayush.RefactoringTests;
				PRODUCT_NAME = "$(TARGET_NAME)";
				SWIFT_EMIT_LOC_STRINGS = NO;
				SWIFT_VERSION = 5.0;
				TARGETED_DEVICE_FAMILY = "1,2";
				TEST_HOST = "$(BUILT_PRODUCTS_DIR)/Refactoring.app/$(BUNDLE_EXECUTABLE_FOLDER_PATH)/Refactoring";
			};
			name = Release;
		};
/* End XCBuildConfiguration section */

/* Begin XCConfigurationList section */
		3A4CC8B629BC964D0093CFFC /* Build configuration list for PBXProject "Refactoring" */ = {
			isa = XCConfigurationList;
			buildConfigurations = (
				3A4CC8E329BC964F0093CFFC /* Debug */,
				3A4CC8E429BC964F0093CFFC /* Release */,
			);
			defaultConfigurationIsVisible = 0;
			defaultConfigurationName = Release;
		};
		3A4CC8E529BC964F0093CFFC /* Build configuration list for PBXNativeTarget "Refactoring" */ = {
			isa = XCConfigurationList;
			buildConfigurations = (
				3A4CC8E629BC964F0093CFFC /* Debug */,
				3A4CC8E729BC964F0093CFFC /* Release */,
			);
			defaultConfigurationIsVisible = 0;
			defaultConfigurationName = Release;
		};
		3A4CC8E829BC964F0093CFFC /* Build configuration list for PBXNativeTarget "RefactoringTests" */ = {
			isa = XCConfigurationList;
			buildConfigurations = (
				3A4CC8E929BC964F0093CFFC /* Debug */,
				3A4CC8EA29BC964F0093CFFC /* Release */,
			);
			defaultConfigurationIsVisible = 0;
			defaultConfigurationName = Release;
		};
/* End XCConfigurationList section */
	};
	rootObject = 3A4CC8B329BC964D0093CFFC /* Project object */;
}
