// !$*UTF8*$!
{
	archiveVersion = 1;
	classes = {
	};
	objectVersion = 56;
	objects = {

/* Begin PBXBuildFile section */
		3A1D842729A21CA500D7A3D5 /* AppDelegate.swift in Sources */ = {isa = PBXBuildFile; fileRef = 3A1D842629A21CA500D7A3D5 /* AppDelegate.swift */; };
		3A1D842929A21CA500D7A3D5 /* SceneDelegate.swift in Sources */ = {isa = PBXBuildFile; fileRef = 3A1D842829A21CA500D7A3D5 /* SceneDelegate.swift */; };
		3A1D842B29A21CA500D7A3D5 /* ViewController.swift in Sources */ = {isa = PBXBuildFile; fileRef = 3A1D842A29A21CA500D7A3D5 /* ViewController.swift */; };
		3A1D842E29A21CA500D7A3D5 /* Main.storyboard in Resources */ = {isa = PBXBuildFile; fileRef = 3A1D842C29A21CA500D7A3D5 /* Main.storyboard */; };
		3A1D843029A21CA600D7A3D5 /* Assets.xcassets in Resources */ = {isa = PBXBuildFile; fileRef = 3A1D842F29A21CA600D7A3D5 /* Assets.xcassets */; };
		3A1D843329A21CA600D7A3D5 /* LaunchScreen.storyboard in Resources */ = {isa = PBXBuildFile; fileRef = 3A1D843129A21CA600D7A3D5 /* LaunchScreen.storyboard */; };
		3AE652BF29AB9DF1004DCBCB /* SpyURLSession.swift in Sources */ = {isa = PBXBuildFile; fileRef = 3AE652BE29AB9DF1004DCBCB /* SpyURLSession.swift */; };
		3AE652C129AB9E07004DCBCB /* ViewControllerTests.swift in Sources */ = {isa = PBXBuildFile; fileRef = 3AE652C029AB9E07004DCBCB /* ViewControllerTests.swift */; };
		3AE652C329AB9E25004DCBCB /* ViewControllerPresentationSpy.xcframework in Frameworks */ = {isa = PBXBuildFile; fileRef = 3AE652C229AB9E25004DCBCB /* ViewControllerPresentationSpy.xcframework */; };
		3AE652C529AB9E46004DCBCB /* ViewControllerPresentationSpy.xcframework in CopyFiles */ = {isa = PBXBuildFile; fileRef = 3AE652C229AB9E25004DCBCB /* ViewControllerPresentationSpy.xcframework */; settings = {ATTRIBUTES = (RemoveHeadersOnCopy, ); }; };
		3AE652C729AB9ED5004DCBCB /* TestError.swift in Sources */ = {isa = PBXBuildFile; fileRef = 3AE652C629AB9ED5004DCBCB /* TestError.swift */; };
/* End PBXBuildFile section */

/* Begin PBXContainerItemProxy section */
		3A1D843A29A21CA600D7A3D5 /* PBXContainerItemProxy */ = {
			isa = PBXContainerItemProxy;
			containerPortal = 3A1D841B29A21CA500D7A3D5 /* Project object */;
			proxyType = 1;
			remoteGlobalIDString = 3A1D842229A21CA500D7A3D5;
			remoteInfo = NetworkResponses;
		};
/* End PBXContainerItemProxy section */

/* Begin PBXCopyFilesBuildPhase section */
		3AE652C429AB9E3D004DCBCB /* CopyFiles */ = {
			isa = PBXCopyFilesBuildPhase;
			buildActionMask = 2147483647;
			dstPath = "";
			dstSubfolderSpec = 7;
			files = (
				3AE652C529AB9E46004DCBCB /* ViewControllerPresentationSpy.xcframework in CopyFiles */,
			);
			runOnlyForDeploymentPostprocessing = 0;
		};
/* End PBXCopyFilesBuildPhase section */

/* Begin PBXFileReference section */
		3A1D842329A21CA500D7A3D5 /* NetworkResponses.app */ = {isa = PBXFileReference; explicitFileType = wrapper.application; includeInIndex = 0; path = NetworkResponses.app; sourceTree = BUILT_PRODUCTS_DIR; };
		3A1D842629A21CA500D7A3D5 /* AppDelegate.swift */ = {isa = PBXFileReference; lastKnownFileType = sourcecode.swift; path = AppDelegate.swift; sourceTree = "<group>"; };
		3A1D842829A21CA500D7A3D5 /* SceneDelegate.swift */ = {isa = PBXFileReference; lastKnownFileType = sourcecode.swift; path = SceneDelegate.swift; sourceTree = "<group>"; };
		3A1D842A29A21CA500D7A3D5 /* ViewController.swift */ = {isa = PBXFileReference; lastKnownFileType = sourcecode.swift; path = ViewController.swift; sourceTree = "<group>"; };
		3A1D842D29A21CA500D7A3D5 /* Base */ = {isa = PBXFileReference; lastKnownFileType = file.storyboard; name = Base; path = Base.lproj/Main.storyboard; sourceTree = "<group>"; };
		3A1D842F29A21CA600D7A3D5 /* Assets.xcassets */ = {isa = PBXFileReference; lastKnownFileType = folder.assetcatalog; path = Assets.xcassets; sourceTree = "<group>"; };
		3A1D843229A21CA600D7A3D5 /* Base */ = {isa = PBXFileReference; lastKnownFileType = file.storyboard; name = Base; path = Base.lproj/LaunchScreen.storyboard; sourceTree = "<group>"; };
		3A1D843429A21CA600D7A3D5 /* Info.plist */ = {isa = PBXFileReference; lastKnownFileType = text.plist.xml; path = Info.plist; sourceTree = "<group>"; };
		3A1D843929A21CA600D7A3D5 /* NetworkResponsesTests.xctest */ = {isa = PBXFileReference; explicitFileType = wrapper.cfbundle; includeInIndex = 0; path = NetworkResponsesTests.xctest; sourceTree = BUILT_PRODUCTS_DIR; };
		3AE652BE29AB9DF1004DCBCB /* SpyURLSession.swift */ = {isa = PBXFileReference; fileEncoding = 4; lastKnownFileType = sourcecode.swift; path = SpyURLSession.swift; sourceTree = "<group>"; };
		3AE652C029AB9E07004DCBCB /* ViewControllerTests.swift */ = {isa = PBXFileReference; fileEncoding = 4; lastKnownFileType = sourcecode.swift; path = ViewControllerTests.swift; sourceTree = "<group>"; };
		3AE652C229AB9E25004DCBCB /* ViewControllerPresentationSpy.xcframework */ = {isa = PBXFileReference; lastKnownFileType = wrapper.xcframework; path = ViewControllerPresentationSpy.xcframework; sourceTree = "<group>"; };
		3AE652C629AB9ED5004DCBCB /* TestError.swift */ = {isa = PBXFileReference; lastKnownFileType = sourcecode.swift; path = TestError.swift; sourceTree = "<group>"; };
/* End PBXFileReference section */

/* Begin PBXFrameworksBuildPhase section */
		3A1D842029A21CA500D7A3D5 /* Frameworks */ = {
			isa = PBXFrameworksBuildPhase;
			buildActionMask = 2147483647;
			files = (
			);
			runOnlyForDeploymentPostprocessing = 0;
		};
		3A1D843629A21CA600D7A3D5 /* Frameworks */ = {
			isa = PBXFrameworksBuildPhase;
			buildActionMask = 2147483647;
			files = (
				3AE652C329AB9E25004DCBCB /* ViewControllerPresentationSpy.xcframework in Frameworks */,
			);
			runOnlyForDeploymentPostprocessing = 0;
		};
/* End PBXFrameworksBuildPhase section */

/* Begin PBXGroup section */
		3A1D841A29A21CA500D7A3D5 = {
			isa = PBXGroup;
			children = (
				3A1D842529A21CA500D7A3D5 /* NetworkResponses */,
				3A1D843C29A21CA600D7A3D5 /* NetworkResponsesTests */,
				3A1D842429A21CA500D7A3D5 /* Products */,
			);
			sourceTree = "<group>";
		};
		3A1D842429A21CA500D7A3D5 /* Products */ = {
			isa = PBXGroup;
			children = (
				3A1D842329A21CA500D7A3D5 /* NetworkResponses.app */,
				3A1D843929A21CA600D7A3D5 /* NetworkResponsesTests.xctest */,
			);
			name = Products;
			sourceTree = "<group>";
		};
		3A1D842529A21CA500D7A3D5 /* NetworkResponses */ = {
			isa = PBXGroup;
			children = (
				3A1D842629A21CA500D7A3D5 /* AppDelegate.swift */,
				3A1D842829A21CA500D7A3D5 /* SceneDelegate.swift */,
				3A1D842A29A21CA500D7A3D5 /* ViewController.swift */,
				3A1D842C29A21CA500D7A3D5 /* Main.storyboard */,
				3A1D842F29A21CA600D7A3D5 /* Assets.xcassets */,
				3A1D843129A21CA600D7A3D5 /* LaunchScreen.storyboard */,
				3A1D843429A21CA600D7A3D5 /* Info.plist */,
			);
			path = NetworkResponses;
			sourceTree = "<group>";
		};
		3A1D843C29A21CA600D7A3D5 /* NetworkResponsesTests */ = {
			isa = PBXGroup;
			children = (
				3AE652C229AB9E25004DCBCB /* ViewControllerPresentationSpy.xcframework */,
				3AE652BE29AB9DF1004DCBCB /* SpyURLSession.swift */,
				3AE652C029AB9E07004DCBCB /* ViewControllerTests.swift */,
				3AE652C629AB9ED5004DCBCB /* TestError.swift */,
			);
			path = NetworkResponsesTests;
			sourceTree = "<group>";
		};
/* End PBXGroup section */

/* Begin PBXNativeTarget section */
		3A1D842229A21CA500D7A3D5 /* NetworkResponses */ = {
			isa = PBXNativeTarget;
			buildConfigurationList = 3A1D844D29A21CA600D7A3D5 /* Build configuration list for PBXNativeTarget "NetworkResponses" */;
			buildPhases = (
				3A1D841F29A21CA500D7A3D5 /* Sources */,
				3A1D842029A21CA500D7A3D5 /* Frameworks */,
				3A1D842129A21CA500D7A3D5 /* Resources */,
			);
			buildRules = (
			);
			dependencies = (
			);
			name = NetworkResponses;
			productName = NetworkResponses;
			productReference = 3A1D842329A21CA500D7A3D5 /* NetworkResponses.app */;
			productType = "com.apple.product-type.application";
		};
		3A1D843829A21CA600D7A3D5 /* NetworkResponsesTests */ = {
			isa = PBXNativeTarget;
			buildConfigurationList = 3A1D845029A21CA600D7A3D5 /* Build configuration list for PBXNativeTarget "NetworkResponsesTests" */;
			buildPhases = (
				3A1D843529A21CA600D7A3D5 /* Sources */,
				3A1D843629A21CA600D7A3D5 /* Frameworks */,
				3A1D843729A21CA600D7A3D5 /* Resources */,
				3AE652C429AB9E3D004DCBCB /* CopyFiles */,
			);
			buildRules = (
			);
			dependencies = (
				3A1D843B29A21CA600D7A3D5 /* PBXTargetDependency */,
			);
			name = NetworkResponsesTests;
			productName = NetworkResponsesTests;
			productReference = 3A1D843929A21CA600D7A3D5 /* NetworkResponsesTests.xctest */;
			productType = "com.apple.product-type.bundle.unit-test";
		};
/* End PBXNativeTarget section */

/* Begin PBXProject section */
		3A1D841B29A21CA500D7A3D5 /* Project object */ = {
			isa = PBXProject;
			attributes = {
				BuildIndependentTargetsInParallel = 1;
				LastSwiftUpdateCheck = 1420;
				LastUpgradeCheck = 1420;
				TargetAttributes = {
					3A1D842229A21CA500D7A3D5 = {
						CreatedOnToolsVersion = 14.2;
					};
					3A1D843829A21CA600D7A3D5 = {
						CreatedOnToolsVersion = 14.2;
						LastSwiftMigration = 1420;
						TestTargetID = 3A1D842229A21CA500D7A3D5;
					};
				};
			};
			buildConfigurationList = 3A1D841E29A21CA500D7A3D5 /* Build configuration list for PBXProject "NetworkResponses" */;
			compatibilityVersion = "Xcode 14.0";
			developmentRegion = en;
			hasScannedForEncodings = 0;
			knownRegions = (
				en,
				Base,
			);
			mainGroup = 3A1D841A29A21CA500D7A3D5;
			productRefGroup = 3A1D842429A21CA500D7A3D5 /* Products */;
			projectDirPath = "";
			projectRoot = "";
			targets = (
				3A1D842229A21CA500D7A3D5 /* NetworkResponses */,
				3A1D843829A21CA600D7A3D5 /* NetworkResponsesTests */,
			);
		};
/* End PBXProject section */

/* Begin PBXResourcesBuildPhase section */
		3A1D842129A21CA500D7A3D5 /* Resources */ = {
			isa = PBXResourcesBuildPhase;
			buildActionMask = 2147483647;
			files = (
				3A1D843329A21CA600D7A3D5 /* LaunchScreen.storyboard in Resources */,
				3A1D843029A21CA600D7A3D5 /* Assets.xcassets in Resources */,
				3A1D842E29A21CA500D7A3D5 /* Main.storyboard in Resources */,
			);
			runOnlyForDeploymentPostprocessing = 0;
		};
		3A1D843729A21CA600D7A3D5 /* Resources */ = {
			isa = PBXResourcesBuildPhase;
			buildActionMask = 2147483647;
			files = (
			);
			runOnlyForDeploymentPostprocessing = 0;
		};
/* End PBXResourcesBuildPhase section */

/* Begin PBXSourcesBuildPhase section */
		3A1D841F29A21CA500D7A3D5 /* Sources */ = {
			isa = PBXSourcesBuildPhase;
			buildActionMask = 2147483647;
			files = (
				3A1D842B29A21CA500D7A3D5 /* ViewController.swift in Sources */,
				3A1D842729A21CA500D7A3D5 /* AppDelegate.swift in Sources */,
				3A1D842929A21CA500D7A3D5 /* SceneDelegate.swift in Sources */,
			);
			runOnlyForDeploymentPostprocessing = 0;
		};
		3A1D843529A21CA600D7A3D5 /* Sources */ = {
			isa = PBXSourcesBuildPhase;
			buildActionMask = 2147483647;
			files = (
				3AE652C729AB9ED5004DCBCB /* TestError.swift in Sources */,
				3AE652C129AB9E07004DCBCB /* ViewControllerTests.swift in Sources */,
				3AE652BF29AB9DF1004DCBCB /* SpyURLSession.swift in Sources */,
			);
			runOnlyForDeploymentPostprocessing = 0;
		};
/* End PBXSourcesBuildPhase section */

/* Begin PBXTargetDependency section */
		3A1D843B29A21CA600D7A3D5 /* PBXTargetDependency */ = {
			isa = PBXTargetDependency;
			target = 3A1D842229A21CA500D7A3D5 /* NetworkResponses */;
			targetProxy = 3A1D843A29A21CA600D7A3D5 /* PBXContainerItemProxy */;
		};
/* End PBXTargetDependency section */

/* Begin PBXVariantGroup section */
		3A1D842C29A21CA500D7A3D5 /* Main.storyboard */ = {
			isa = PBXVariantGroup;
			children = (
				3A1D842D29A21CA500D7A3D5 /* Base */,
			);
			name = Main.storyboard;
			sourceTree = "<group>";
		};
		3A1D843129A21CA600D7A3D5 /* LaunchScreen.storyboard */ = {
			isa = PBXVariantGroup;
			children = (
				3A1D843229A21CA600D7A3D5 /* Base */,
			);
			name = LaunchScreen.storyboard;
			sourceTree = "<group>";
		};
/* End PBXVariantGroup section */

/* Begin XCBuildConfiguration section */
		3A1D844B29A21CA600D7A3D5 /* Debug */ = {
			isa = XCBuildConfiguration;
			buildSettings = {
				ALWAYS_SEARCH_USER_PATHS = NO;
				CLANG_ANALYZER_NONNULL = YES;
				CLANG_ANALYZER_NUMBER_OBJECT_CONVERSION = YES_AGGRESSIVE;
				CLANG_CXX_LANGUAGE_STANDARD = "gnu++20";
				CLANG_ENABLE_MODULES = YES;
				CLANG_ENABLE_OBJC_ARC = YES;
				CLANG_ENABLE_OBJC_WEAK = YES;
				CLANG_WARN_BLOCK_CAPTURE_AUTORELEASING = YES;
				CLANG_WARN_BOOL_CONVERSION = YES;
				CLANG_WARN_COMMA = YES;
				CLANG_WARN_CONSTANT_CONVERSION = YES;
				CLANG_WARN_DEPRECATED_OBJC_IMPLEMENTATIONS = YES;
				CLANG_WARN_DIRECT_OBJC_ISA_USAGE = YES_ERROR;
				CLANG_WARN_DOCUMENTATION_COMMENTS = YES;
				CLANG_WARN_EMPTY_BODY = YES;
				CLANG_WARN_ENUM_CONVERSION = YES;
				CLANG_WARN_INFINITE_RECURSION = YES;
				CLANG_WARN_INT_CONVERSION = YES;
				CLANG_WARN_NON_LITERAL_NULL_CONVERSION = YES;
				CLANG_WARN_OBJC_IMPLICIT_RETAIN_SELF = YES;
				CLANG_WARN_OBJC_LITERAL_CONVERSION = YES;
				CLANG_WARN_OBJC_ROOT_CLASS = YES_ERROR;
				CLANG_WARN_QUOTED_INCLUDE_IN_FRAMEWORK_HEADER = YES;
				CLANG_WARN_RANGE_LOOP_ANALYSIS = YES;
				CLANG_WARN_STRICT_PROTOTYPES = YES;
				CLANG_WARN_SUSPICIOUS_MOVE = YES;
				CLANG_WARN_UNGUARDED_AVAILABILITY = YES_AGGRESSIVE;
				CLANG_WARN_UNREACHABLE_CODE = YES;
				CLANG_WARN__DUPLICATE_METHOD_MATCH = YES;
				COPY_PHASE_STRIP = NO;
				DEBUG_INFORMATION_FORMAT = dwarf;
				ENABLE_STRICT_OBJC_MSGSEND = YES;
				ENABLE_TESTABILITY = YES;
				GCC_C_LANGUAGE_STANDARD = gnu11;
				GCC_DYNAMIC_NO_PIC = NO;
				GCC_NO_COMMON_BLOCKS = YES;
				GCC_OPTIMIZATION_LEVEL = 0;
				GCC_PREPROCESSOR_DEFINITIONS = (
					"DEBUG=1",
					"$(inherited)",
				);
				GCC_WARN_64_TO_32_BIT_CONVERSION = YES;
				GCC_WARN_ABOUT_RETURN_TYPE = YES_ERROR;
				GCC_WARN_UNDECLARED_SELECTOR = YES;
				GCC_WARN_UNINITIALIZED_AUTOS = YES_AGGRESSIVE;
				GCC_WARN_UNUSED_FUNCTION = YES;
				GCC_WARN_UNUSED_VARIABLE = YES;
				IPHONEOS_DEPLOYMENT_TARGET = 16.2;
				MTL_ENABLE_DEBUG_INFO = INCLUDE_SOURCE;
				MTL_FAST_MATH = YES;
				ONLY_ACTIVE_ARCH = YES;
				SDKROOT = iphoneos;
				SWIFT_ACTIVE_COMPILATION_CONDITIONS = DEBUG;
				SWIFT_OPTIMIZATION_LEVEL = "-Onone";
			};
			name = Debug;
		};
		3A1D844C29A21CA600D7A3D5 /* Release */ = {
			isa = XCBuildConfiguration;
			buildSettings = {
				ALWAYS_SEARCH_USER_PATHS = NO;
				CLANG_ANALYZER_NONNULL = YES;
				CLANG_ANALYZER_NUMBER_OBJECT_CONVERSION = YES_AGGRESSIVE;
				CLANG_CXX_LANGUAGE_STANDARD = "gnu++20";
				CLANG_ENABLE_MODULES = YES;
				CLANG_ENABLE_OBJC_ARC = YES;
				CLANG_ENABLE_OBJC_WEAK = YES;
				CLANG_WARN_BLOCK_CAPTURE_AUTORELEASING = YES;
				CLANG_WARN_BOOL_CONVERSION = YES;
				CLANG_WARN_COMMA = YES;
				CLANG_WARN_CONSTANT_CONVERSION = YES;
				CLANG_WARN_DEPRECATED_OBJC_IMPLEMENTATIONS = YES;
				CLANG_WARN_DIRECT_OBJC_ISA_USAGE = YES_ERROR;
				CLANG_WARN_DOCUMENTATION_COMMENTS = YES;
				CLANG_WARN_EMPTY_BODY = YES;
				CLANG_WARN_ENUM_CONVERSION = YES;
				CLANG_WARN_INFINITE_RECURSION = YES;
				CLANG_WARN_INT_CONVERSION = YES;
				CLANG_WARN_NON_LITERAL_NULL_CONVERSION = YES;
				CLANG_WARN_OBJC_IMPLICIT_RETAIN_SELF = YES;
				CLANG_WARN_OBJC_LITERAL_CONVERSION = YES;
				CLANG_WARN_OBJC_ROOT_CLASS = YES_ERROR;
				CLANG_WARN_QUOTED_INCLUDE_IN_FRAMEWORK_HEADER = YES;
				CLANG_WARN_RANGE_LOOP_ANALYSIS = YES;
				CLANG_WARN_STRICT_PROTOTYPES = YES;
				CLANG_WARN_SUSPICIOUS_MOVE = YES;
				CLANG_WARN_UNGUARDED_AVAILABILITY = YES_AGGRESSIVE;
				CLANG_WARN_UNREACHABLE_CODE = YES;
				CLANG_WARN__DUPLICATE_METHOD_MATCH = YES;
				COPY_PHASE_STRIP = NO;
				DEBUG_INFORMATION_FORMAT = "dwarf-with-dsym";
				ENABLE_NS_ASSERTIONS = NO;
				ENABLE_STRICT_OBJC_MSGSEND = YES;
				GCC_C_LANGUAGE_STANDARD = gnu11;
				GCC_NO_COMMON_BLOCKS = YES;
				GCC_WARN_64_TO_32_BIT_CONVERSION = YES;
				GCC_WARN_ABOUT_RETURN_TYPE = YES_ERROR;
				GCC_WARN_UNDECLARED_SELECTOR = YES;
				GCC_WARN_UNINITIALIZED_AUTOS = YES_AGGRESSIVE;
				GCC_WARN_UNUSED_FUNCTION = YES;
				GCC_WARN_UNUSED_VARIABLE = YES;
				IPHONEOS_DEPLOYMENT_TARGET = 16.2;
				MTL_ENABLE_DEBUG_INFO = NO;
				MTL_FAST_MATH = YES;
				SDKROOT = iphoneos;
				SWIFT_COMPILATION_MODE = wholemodule;
				SWIFT_OPTIMIZATION_LEVEL = "-O";
				VALIDATE_PRODUCT = YES;
			};
			name = Release;
		};
		3A1D844E29A21CA600D7A3D5 /* Debug */ = {
			isa = XCBuildConfiguration;
			buildSettings = {
				ASSETCATALOG_COMPILER_APPICON_NAME = AppIcon;
				ASSETCATALOG_COMPILER_GLOBAL_ACCENT_COLOR_NAME = AccentColor;
				CODE_SIGN_STYLE = Automatic;
				CURRENT_PROJECT_VERSION = 1;
				DEVELOPMENT_TEAM = 938JD88GS4;
				GENERATE_INFOPLIST_FILE = YES;
				INFOPLIST_FILE = NetworkResponses/Info.plist;
				INFOPLIST_KEY_UIApplicationSupportsIndirectInputEvents = YES;
				INFOPLIST_KEY_UILaunchStoryboardName = LaunchScreen;
				INFOPLIST_KEY_UIMainStoryboardFile = Main;
				INFOPLIST_KEY_UISupportedInterfaceOrientations_iPad = "UIInterfaceOrientationPortrait UIInterfaceOrientationPortraitUpsideDown UIInterfaceOrientationLandscapeLeft UIInterfaceOrientationLandscapeRight";
				INFOPLIST_KEY_UISupportedInterfaceOrientations_iPhone = "UIInterfaceOrientationPortrait UIInterfaceOrientationLandscapeLeft UIInterfaceOrientationLandscapeRight";
				LD_RUNPATH_SEARCH_PATHS = (
					"$(inherited)",
					"@executable_path/Frameworks",
				);
				MARKETING_VERSION = 1.0;
				PRODUCT_BUNDLE_IDENTIFIER = com.ayush.NetworkResponses;
				PRODUCT_NAME = "$(TARGET_NAME)";
				SWIFT_EMIT_LOC_STRINGS = YES;
				SWIFT_VERSION = 5.0;
				TARGETED_DEVICE_FAMILY = "1,2";
			};
			name = Debug;
		};
		3A1D844F29A21CA600D7A3D5 /* Release */ = {
			isa = XCBuildConfiguration;
			buildSettings = {
				ASSETCATALOG_COMPILER_APPICON_NAME = AppIcon;
				ASSETCATALOG_COMPILER_GLOBAL_ACCENT_COLOR_NAME = AccentColor;
				CODE_SIGN_STYLE = Automatic;
				CURRENT_PROJECT_VERSION = 1;
				DEVELOPMENT_TEAM = 938JD88GS4;
				GENERATE_INFOPLIST_FILE = YES;
				INFOPLIST_FILE = NetworkResponses/Info.plist;
				INFOPLIST_KEY_UIApplicationSupportsIndirectInputEvents = YES;
				INFOPLIST_KEY_UILaunchStoryboardName = LaunchScreen;
				INFOPLIST_KEY_UIMainStoryboardFile = Main;
				INFOPLIST_KEY_UISupportedInterfaceOrientations_iPad = "UIInterfaceOrientationPortrait UIInterfaceOrientationPortraitUpsideDown UIInterfaceOrientationLandscapeLeft UIInterfaceOrientationLandscapeRight";
				INFOPLIST_KEY_UISupportedInterfaceOrientations_iPhone = "UIInterfaceOrientationPortrait UIInterfaceOrientationLandscapeLeft UIInterfaceOrientationLandscapeRight";
				LD_RUNPATH_SEARCH_PATHS = (
					"$(inherited)",
					"@executable_path/Frameworks",
				);
				MARKETING_VERSION = 1.0;
				PRODUCT_BUNDLE_IDENTIFIER = com.ayush.NetworkResponses;
				PRODUCT_NAME = "$(TARGET_NAME)";
				SWIFT_EMIT_LOC_STRINGS = YES;
				SWIFT_VERSION = 5.0;
				TARGETED_DEVICE_FAMILY = "1,2";
			};
			name = Release;
		};
		3A1D845129A21CA600D7A3D5 /* Debug */ = {
			isa = XCBuildConfiguration;
			buildSettings = {
				ALWAYS_EMBED_SWIFT_STANDARD_LIBRARIES = YES;
				BUNDLE_LOADER = "$(TEST_HOST)";
				CLANG_ENABLE_MODULES = YES;
				CODE_SIGN_STYLE = Automatic;
				CURRENT_PROJECT_VERSION = 1;
				DEVELOPMENT_TEAM = 938JD88GS4;
				GENERATE_INFOPLIST_FILE = YES;
				IPHONEOS_DEPLOYMENT_TARGET = 16.2;
				LD_RUNPATH_SEARCH_PATHS = (
					"$(inherited)",
					"@executable_path/Frameworks",
					"@loader_path/Frameworks",
				);
				MARKETING_VERSION = 1.0;
				PRODUCT_BUNDLE_IDENTIFIER = com.ayush.NetworkResponsesTests;
				PRODUCT_NAME = "$(TARGET_NAME)";
				SWIFT_EMIT_LOC_STRINGS = NO;
				SWIFT_OPTIMIZATION_LEVEL = "-Onone";
				SWIFT_VERSION = 5.0;
				TARGETED_DEVICE_FAMILY = "1,2";
				TEST_HOST = "$(BUILT_PRODUCTS_DIR)/NetworkResponses.app/$(BUNDLE_EXECUTABLE_FOLDER_PATH)/NetworkResponses";
			};
			name = Debug;
		};
		3A1D845229A21CA600D7A3D5 /* Release */ = {
			isa = XCBuildConfiguration;
			buildSettings = {
				ALWAYS_EMBED_SWIFT_STANDARD_LIBRARIES = YES;
				BUNDLE_LOADER = "$(TEST_HOST)";
				CLANG_ENABLE_MODULES = YES;
				CODE_SIGN_STYLE = Automatic;
				CURRENT_PROJECT_VERSION = 1;
				DEVELOPMENT_TEAM = 938JD88GS4;
				GENERATE_INFOPLIST_FILE = YES;
				IPHONEOS_DEPLOYMENT_TARGET = 16.2;
				LD_RUNPATH_SEARCH_PATHS = (
					"$(inherited)",
					"@executable_path/Frameworks",
					"@loader_path/Frameworks",
				);
				MARKETING_VERSION = 1.0;
				PRODUCT_BUNDLE_IDENTIFIER = com.ayush.NetworkResponsesTests;
				PRODUCT_NAME = "$(TARGET_NAME)";
				SWIFT_EMIT_LOC_STRINGS = NO;
				SWIFT_VERSION = 5.0;
				TARGETED_DEVICE_FAMILY = "1,2";
				TEST_HOST = "$(BUILT_PRODUCTS_DIR)/NetworkResponses.app/$(BUNDLE_EXECUTABLE_FOLDER_PATH)/NetworkResponses";
			};
			name = Release;
		};
/* End XCBuildConfiguration section */

/* Begin XCConfigurationList section */
		3A1D841E29A21CA500D7A3D5 /* Build configuration list for PBXProject "NetworkResponses" */ = {
			isa = XCConfigurationList;
			buildConfigurations = (
				3A1D844B29A21CA600D7A3D5 /* Debug */,
				3A1D844C29A21CA600D7A3D5 /* Release */,
			);
			defaultConfigurationIsVisible = 0;
			defaultConfigurationName = Release;
		};
		3A1D844D29A21CA600D7A3D5 /* Build configuration list for PBXNativeTarget "NetworkResponses" */ = {
			isa = XCConfigurationList;
			buildConfigurations = (
				3A1D844E29A21CA600D7A3D5 /* Debug */,
				3A1D844F29A21CA600D7A3D5 /* Release */,
			);
			defaultConfigurationIsVisible = 0;
			defaultConfigurationName = Release;
		};
		3A1D845029A21CA600D7A3D5 /* Build configuration list for PBXNativeTarget "NetworkResponsesTests" */ = {
			isa = XCConfigurationList;
			buildConfigurations = (
				3A1D845129A21CA600D7A3D5 /* Debug */,
				3A1D845229A21CA600D7A3D5 /* Release */,
			);
			defaultConfigurationIsVisible = 0;
			defaultConfigurationName = Release;
		};
/* End XCConfigurationList section */
	};
	rootObject = 3A1D841B29A21CA500D7A3D5 /* Project object */;
}
