// !$*UTF8*$!
{
	archiveVersion = 1;
	classes = {
	};
	objectVersion = 56;
	objects = {

/* Begin PBXBuildFile section */
		3A39BC7E29A11DD4002E3F0F /* AppDelegate.swift in Sources */ = {isa = PBXBuildFile; fileRef = 3A39BC7D29A11DD4002E3F0F /* AppDelegate.swift */; };
		3A39BC8029A11DD4002E3F0F /* SceneDelegate.swift in Sources */ = {isa = PBXBuildFile; fileRef = 3A39BC7F29A11DD4002E3F0F /* SceneDelegate.swift */; };
		3A39BC8229A11DD4002E3F0F /* ViewController.swift in Sources */ = {isa = PBXBuildFile; fileRef = 3A39BC8129A11DD4002E3F0F /* ViewController.swift */; };
		3A39BC8529A11DD4002E3F0F /* Main.storyboard in Resources */ = {isa = PBXBuildFile; fileRef = 3A39BC8329A11DD4002E3F0F /* Main.storyboard */; };
		3A39BC8729A11DD6002E3F0F /* Assets.xcassets in Resources */ = {isa = PBXBuildFile; fileRef = 3A39BC8629A11DD6002E3F0F /* Assets.xcassets */; };
		3A39BC8A29A11DD6002E3F0F /* LaunchScreen.storyboard in Resources */ = {isa = PBXBuildFile; fileRef = 3A39BC8829A11DD6002E3F0F /* LaunchScreen.storyboard */; };
		3A39BCAE29A1208F002E3F0F /* ViewControllerTests.swift in Sources */ = {isa = PBXBuildFile; fileRef = 3A39BCAD29A1208F002E3F0F /* ViewControllerTests.swift */; };
		3A39BCB029A12430002E3F0F /* MockURLSession.swift in Sources */ = {isa = PBXBuildFile; fileRef = 3A39BCAF29A12430002E3F0F /* MockURLSession.swift */; };
/* End PBXBuildFile section */

/* Begin PBXContainerItemProxy section */
		3A39BC9129A11DD6002E3F0F /* PBXContainerItemProxy */ = {
			isa = PBXContainerItemProxy;
			containerPortal = 3A39BC7229A11DD4002E3F0F /* Project object */;
			proxyType = 1;
			remoteGlobalIDString = 3A39BC7929A11DD4002E3F0F;
			remoteInfo = NetworkRequests;
		};
/* End PBXContainerItemProxy section */

/* Begin PBXFileReference section */
		3A39BC7A29A11DD4002E3F0F /* NetworkRequests.app */ = {isa = PBXFileReference; explicitFileType = wrapper.application; includeInIndex = 0; path = NetworkRequests.app; sourceTree = BUILT_PRODUCTS_DIR; };
		3A39BC7D29A11DD4002E3F0F /* AppDelegate.swift */ = {isa = PBXFileReference; lastKnownFileType = sourcecode.swift; path = AppDelegate.swift; sourceTree = "<group>"; };
		3A39BC7F29A11DD4002E3F0F /* SceneDelegate.swift */ = {isa = PBXFileReference; lastKnownFileType = sourcecode.swift; path = SceneDelegate.swift; sourceTree = "<group>"; };
		3A39BC8129A11DD4002E3F0F /* ViewController.swift */ = {isa = PBXFileReference; lastKnownFileType = sourcecode.swift; path = ViewController.swift; sourceTree = "<group>"; };
		3A39BC8429A11DD4002E3F0F /* Base */ = {isa = PBXFileReference; lastKnownFileType = file.storyboard; name = Base; path = Base.lproj/Main.storyboard; sourceTree = "<group>"; };
		3A39BC8629A11DD6002E3F0F /* Assets.xcassets */ = {isa = PBXFileReference; lastKnownFileType = folder.assetcatalog; path = Assets.xcassets; sourceTree = "<group>"; };
		3A39BC8929A11DD6002E3F0F /* Base */ = {isa = PBXFileReference; lastKnownFileType = file.storyboard; name = Base; path = Base.lproj/LaunchScreen.storyboard; sourceTree = "<group>"; };
		3A39BC8B29A11DD6002E3F0F /* Info.plist */ = {isa = PBXFileReference; lastKnownFileType = text.plist.xml; path = Info.plist; sourceTree = "<group>"; };
		3A39BC9029A11DD6002E3F0F /* NetworkRequestsTests.xctest */ = {isa = PBXFileReference; explicitFileType = wrapper.cfbundle; includeInIndex = 0; path = NetworkRequestsTests.xctest; sourceTree = BUILT_PRODUCTS_DIR; };
		3A39BCAD29A1208F002E3F0F /* ViewControllerTests.swift */ = {isa = PBXFileReference; lastKnownFileType = sourcecode.swift; path = ViewControllerTests.swift; sourceTree = "<group>"; };
		3A39BCAF29A12430002E3F0F /* MockURLSession.swift */ = {isa = PBXFileReference; lastKnownFileType = sourcecode.swift; path = MockURLSession.swift; sourceTree = "<group>"; };
/* End PBXFileReference section */

/* Begin PBXFrameworksBuildPhase section */
		3A39BC7729A11DD4002E3F0F /* Frameworks */ = {
			isa = PBXFrameworksBuildPhase;
			buildActionMask = 2147483647;
			files = (
			);
			runOnlyForDeploymentPostprocessing = 0;
		};
		3A39BC8D29A11DD6002E3F0F /* Frameworks */ = {
			isa = PBXFrameworksBuildPhase;
			buildActionMask = 2147483647;
			files = (
			);
			runOnlyForDeploymentPostprocessing = 0;
		};
/* End PBXFrameworksBuildPhase section */

/* Begin PBXGroup section */
		3A39BC7129A11DD4002E3F0F = {
			isa = PBXGroup;
			children = (
				3A39BC7C29A11DD4002E3F0F /* NetworkRequests */,
				3A39BC9329A11DD6002E3F0F /* NetworkRequestsTests */,
				3A39BC7B29A11DD4002E3F0F /* Products */,
			);
			sourceTree = "<group>";
		};
		3A39BC7B29A11DD4002E3F0F /* Products */ = {
			isa = PBXGroup;
			children = (
				3A39BC7A29A11DD4002E3F0F /* NetworkRequests.app */,
				3A39BC9029A11DD6002E3F0F /* NetworkRequestsTests.xctest */,
			);
			name = Products;
			sourceTree = "<group>";
		};
		3A39BC7C29A11DD4002E3F0F /* NetworkRequests */ = {
			isa = PBXGroup;
			children = (
				3A39BC7D29A11DD4002E3F0F /* AppDelegate.swift */,
				3A39BC7F29A11DD4002E3F0F /* SceneDelegate.swift */,
				3A39BC8129A11DD4002E3F0F /* ViewController.swift */,
				3A39BC8329A11DD4002E3F0F /* Main.storyboard */,
				3A39BC8629A11DD6002E3F0F /* Assets.xcassets */,
				3A39BC8829A11DD6002E3F0F /* LaunchScreen.storyboard */,
				3A39BC8B29A11DD6002E3F0F /* Info.plist */,
			);
			path = NetworkRequests;
			sourceTree = "<group>";
		};
		3A39BC9329A11DD6002E3F0F /* NetworkRequestsTests */ = {
			isa = PBXGroup;
			children = (
				3A39BCAD29A1208F002E3F0F /* ViewControllerTests.swift */,
				3A39BCAF29A12430002E3F0F /* MockURLSession.swift */,
			);
			path = NetworkRequestsTests;
			sourceTree = "<group>";
		};
/* End PBXGroup section */

/* Begin PBXNativeTarget section */
		3A39BC7929A11DD4002E3F0F /* NetworkRequests */ = {
			isa = PBXNativeTarget;
			buildConfigurationList = 3A39BCA429A11DD6002E3F0F /* Build configuration list for PBXNativeTarget "NetworkRequests" */;
			buildPhases = (
				3A39BC7629A11DD4002E3F0F /* Sources */,
				3A39BC7729A11DD4002E3F0F /* Frameworks */,
				3A39BC7829A11DD4002E3F0F /* Resources */,
			);
			buildRules = (
			);
			dependencies = (
			);
			name = NetworkRequests;
			productName = NetworkRequests;
			productReference = 3A39BC7A29A11DD4002E3F0F /* NetworkRequests.app */;
			productType = "com.apple.product-type.application";
		};
		3A39BC8F29A11DD6002E3F0F /* NetworkRequestsTests */ = {
			isa = PBXNativeTarget;
			buildConfigurationList = 3A39BCA729A11DD6002E3F0F /* Build configuration list for PBXNativeTarget "NetworkRequestsTests" */;
			buildPhases = (
				3A39BC8C29A11DD6002E3F0F /* Sources */,
				3A39BC8D29A11DD6002E3F0F /* Frameworks */,
				3A39BC8E29A11DD6002E3F0F /* Resources */,
			);
			buildRules = (
			);
			dependencies = (
				3A39BC9229A11DD6002E3F0F /* PBXTargetDependency */,
			);
			name = NetworkRequestsTests;
			productName = NetworkRequestsTests;
			productReference = 3A39BC9029A11DD6002E3F0F /* NetworkRequestsTests.xctest */;
			productType = "com.apple.product-type.bundle.unit-test";
		};
/* End PBXNativeTarget section */

/* Begin PBXProject section */
		3A39BC7229A11DD4002E3F0F /* Project object */ = {
			isa = PBXProject;
			attributes = {
				BuildIndependentTargetsInParallel = 1;
				LastSwiftUpdateCheck = 1420;
				LastUpgradeCheck = 1420;
				TargetAttributes = {
					3A39BC7929A11DD4002E3F0F = {
						CreatedOnToolsVersion = 14.2;
					};
					3A39BC8F29A11DD6002E3F0F = {
						CreatedOnToolsVersion = 14.2;
						LastSwiftMigration = 1420;
						TestTargetID = 3A39BC7929A11DD4002E3F0F;
					};
				};
			};
			buildConfigurationList = 3A39BC7529A11DD4002E3F0F /* Build configuration list for PBXProject "NetworkRequests" */;
			compatibilityVersion = "Xcode 14.0";
			developmentRegion = en;
			hasScannedForEncodings = 0;
			knownRegions = (
				en,
				Base,
			);
			mainGroup = 3A39BC7129A11DD4002E3F0F;
			productRefGroup = 3A39BC7B29A11DD4002E3F0F /* Products */;
			projectDirPath = "";
			projectRoot = "";
			targets = (
				3A39BC7929A11DD4002E3F0F /* NetworkRequests */,
				3A39BC8F29A11DD6002E3F0F /* NetworkRequestsTests */,
			);
		};
/* End PBXProject section */

/* Begin PBXResourcesBuildPhase section */
		3A39BC7829A11DD4002E3F0F /* Resources */ = {
			isa = PBXResourcesBuildPhase;
			buildActionMask = 2147483647;
			files = (
				3A39BC8A29A11DD6002E3F0F /* LaunchScreen.storyboard in Resources */,
				3A39BC8729A11DD6002E3F0F /* Assets.xcassets in Resources */,
				3A39BC8529A11DD4002E3F0F /* Main.storyboard in Resources */,
			);
			runOnlyForDeploymentPostprocessing = 0;
		};
		3A39BC8E29A11DD6002E3F0F /* Resources */ = {
			isa = PBXResourcesBuildPhase;
			buildActionMask = 2147483647;
			files = (
			);
			runOnlyForDeploymentPostprocessing = 0;
		};
/* End PBXResourcesBuildPhase section */

/* Begin PBXSourcesBuildPhase section */
		3A39BC7629A11DD4002E3F0F /* Sources */ = {
			isa = PBXSourcesBuildPhase;
			buildActionMask = 2147483647;
			files = (
				3A39BC8229A11DD4002E3F0F /* ViewController.swift in Sources */,
				3A39BC7E29A11DD4002E3F0F /* AppDelegate.swift in Sources */,
				3A39BC8029A11DD4002E3F0F /* SceneDelegate.swift in Sources */,
			);
			runOnlyForDeploymentPostprocessing = 0;
		};
		3A39BC8C29A11DD6002E3F0F /* Sources */ = {
			isa = PBXSourcesBuildPhase;
			buildActionMask = 2147483647;
			files = (
				3A39BCB029A12430002E3F0F /* MockURLSession.swift in Sources */,
				3A39BCAE29A1208F002E3F0F /* ViewControllerTests.swift in Sources */,
			);
			runOnlyForDeploymentPostprocessing = 0;
		};
/* End PBXSourcesBuildPhase section */

/* Begin PBXTargetDependency section */
		3A39BC9229A11DD6002E3F0F /* PBXTargetDependency */ = {
			isa = PBXTargetDependency;
			target = 3A39BC7929A11DD4002E3F0F /* NetworkRequests */;
			targetProxy = 3A39BC9129A11DD6002E3F0F /* PBXContainerItemProxy */;
		};
/* End PBXTargetDependency section */

/* Begin PBXVariantGroup section */
		3A39BC8329A11DD4002E3F0F /* Main.storyboard */ = {
			isa = PBXVariantGroup;
			children = (
				3A39BC8429A11DD4002E3F0F /* Base */,
			);
			name = Main.storyboard;
			sourceTree = "<group>";
		};
		3A39BC8829A11DD6002E3F0F /* LaunchScreen.storyboard */ = {
			isa = PBXVariantGroup;
			children = (
				3A39BC8929A11DD6002E3F0F /* Base */,
			);
			name = LaunchScreen.storyboard;
			sourceTree = "<group>";
		};
/* End PBXVariantGroup section */

/* Begin XCBuildConfiguration section */
		3A39BCA229A11DD6002E3F0F /* Debug */ = {
			isa = XCBuildConfiguration;
			buildSettings = {
				ALWAYS_SEARCH_USER_PATHS = NO;
				CLANG_ANALYZER_NONNULL = YES;
				CLANG_ANALYZER_NUMBER_OBJECT_CONVERSION = YES_AGGRESSIVE;
				CLANG_CXX_LANGUAGE_STANDARD = "gnu++20";
				CLANG_ENABLE_MODULES = YES;
				CLANG_ENABLE_OBJC_ARC = YES;
				CLANG_ENABLE_OBJC_WEAK = YES;
				CLANG_WARN_BLOCK_CAPTURE_AUTORELEASING = YES;
				CLANG_WARN_BOOL_CONVERSION = YES;
				CLANG_WARN_COMMA = YES;
				CLANG_WARN_CONSTANT_CONVERSION = YES;
				CLANG_WARN_DEPRECATED_OBJC_IMPLEMENTATIONS = YES;
				CLANG_WARN_DIRECT_OBJC_ISA_USAGE = YES_ERROR;
				CLANG_WARN_DOCUMENTATION_COMMENTS = YES;
				CLANG_WARN_EMPTY_BODY = YES;
				CLANG_WARN_ENUM_CONVERSION = YES;
				CLANG_WARN_INFINITE_RECURSION = YES;
				CLANG_WARN_INT_CONVERSION = YES;
				CLANG_WARN_NON_LITERAL_NULL_CONVERSION = YES;
				CLANG_WARN_OBJC_IMPLICIT_RETAIN_SELF = YES;
				CLANG_WARN_OBJC_LITERAL_CONVERSION = YES;
				CLANG_WARN_OBJC_ROOT_CLASS = YES_ERROR;
				CLANG_WARN_QUOTED_INCLUDE_IN_FRAMEWORK_HEADER = YES;
				CLANG_WARN_RANGE_LOOP_ANALYSIS = YES;
				CLANG_WARN_STRICT_PROTOTYPES = YES;
				CLANG_WARN_SUSPICIOUS_MOVE = YES;
				CLANG_WARN_UNGUARDED_AVAILABILITY = YES_AGGRESSIVE;
				CLANG_WARN_UNREACHABLE_CODE = YES;
				CLANG_WARN__DUPLICATE_METHOD_MATCH = YES;
				COPY_PHASE_STRIP = NO;
				DEBUG_INFORMATION_FORMAT = dwarf;
				ENABLE_STRICT_OBJC_MSGSEND = YES;
				ENABLE_TESTABILITY = YES;
				GCC_C_LANGUAGE_STANDARD = gnu11;
				GCC_DYNAMIC_NO_PIC = NO;
				GCC_NO_COMMON_BLOCKS = YES;
				GCC_OPTIMIZATION_LEVEL = 0;
				GCC_PREPROCESSOR_DEFINITIONS = (
					"DEBUG=1",
					"$(inherited)",
				);
				GCC_WARN_64_TO_32_BIT_CONVERSION = YES;
				GCC_WARN_ABOUT_RETURN_TYPE = YES_ERROR;
				GCC_WARN_UNDECLARED_SELECTOR = YES;
				GCC_WARN_UNINITIALIZED_AUTOS = YES_AGGRESSIVE;
				GCC_WARN_UNUSED_FUNCTION = YES;
				GCC_WARN_UNUSED_VARIABLE = YES;
				IPHONEOS_DEPLOYMENT_TARGET = 16.2;
				MTL_ENABLE_DEBUG_INFO = INCLUDE_SOURCE;
				MTL_FAST_MATH = YES;
				ONLY_ACTIVE_ARCH = YES;
				SDKROOT = iphoneos;
				SWIFT_ACTIVE_COMPILATION_CONDITIONS = DEBUG;
				SWIFT_OPTIMIZATION_LEVEL = "-Onone";
			};
			name = Debug;
		};
		3A39BCA329A11DD6002E3F0F /* Release */ = {
			isa = XCBuildConfiguration;
			buildSettings = {
				ALWAYS_SEARCH_USER_PATHS = NO;
				CLANG_ANALYZER_NONNULL = YES;
				CLANG_ANALYZER_NUMBER_OBJECT_CONVERSION = YES_AGGRESSIVE;
				CLANG_CXX_LANGUAGE_STANDARD = "gnu++20";
				CLANG_ENABLE_MODULES = YES;
				CLANG_ENABLE_OBJC_ARC = YES;
				CLANG_ENABLE_OBJC_WEAK = YES;
				CLANG_WARN_BLOCK_CAPTURE_AUTORELEASING = YES;
				CLANG_WARN_BOOL_CONVERSION = YES;
				CLANG_WARN_COMMA = YES;
				CLANG_WARN_CONSTANT_CONVERSION = YES;
				CLANG_WARN_DEPRECATED_OBJC_IMPLEMENTATIONS = YES;
				CLANG_WARN_DIRECT_OBJC_ISA_USAGE = YES_ERROR;
				CLANG_WARN_DOCUMENTATION_COMMENTS = YES;
				CLANG_WARN_EMPTY_BODY = YES;
				CLANG_WARN_ENUM_CONVERSION = YES;
				CLANG_WARN_INFINITE_RECURSION = YES;
				CLANG_WARN_INT_CONVERSION = YES;
				CLANG_WARN_NON_LITERAL_NULL_CONVERSION = YES;
				CLANG_WARN_OBJC_IMPLICIT_RETAIN_SELF = YES;
				CLANG_WARN_OBJC_LITERAL_CONVERSION = YES;
				CLANG_WARN_OBJC_ROOT_CLASS = YES_ERROR;
				CLANG_WARN_QUOTED_INCLUDE_IN_FRAMEWORK_HEADER = YES;
				CLANG_WARN_RANGE_LOOP_ANALYSIS = YES;
				CLANG_WARN_STRICT_PROTOTYPES = YES;
				CLANG_WARN_SUSPICIOUS_MOVE = YES;
				CLANG_WARN_UNGUARDED_AVAILABILITY = YES_AGGRESSIVE;
				CLANG_WARN_UNREACHABLE_CODE = YES;
				CLANG_WARN__DUPLICATE_METHOD_MATCH = YES;
				COPY_PHASE_STRIP = NO;
				DEBUG_INFORMATION_FORMAT = "dwarf-with-dsym";
				ENABLE_NS_ASSERTIONS = NO;
				ENABLE_STRICT_OBJC_MSGSEND = YES;
				GCC_C_LANGUAGE_STANDARD = gnu11;
				GCC_NO_COMMON_BLOCKS = YES;
				GCC_WARN_64_TO_32_BIT_CONVERSION = YES;
				GCC_WARN_ABOUT_RETURN_TYPE = YES_ERROR;
				GCC_WARN_UNDECLARED_SELECTOR = YES;
				GCC_WARN_UNINITIALIZED_AUTOS = YES_AGGRESSIVE;
				GCC_WARN_UNUSED_FUNCTION = YES;
				GCC_WARN_UNUSED_VARIABLE = YES;
				IPHONEOS_DEPLOYMENT_TARGET = 16.2;
				MTL_ENABLE_DEBUG_INFO = NO;
				MTL_FAST_MATH = YES;
				SDKROOT = iphoneos;
				SWIFT_COMPILATION_MODE = wholemodule;
				SWIFT_OPTIMIZATION_LEVEL = "-O";
				VALIDATE_PRODUCT = YES;
			};
			name = Release;
		};
		3A39BCA529A11DD6002E3F0F /* Debug */ = {
			isa = XCBuildConfiguration;
			buildSettings = {
				ASSETCATALOG_COMPILER_APPICON_NAME = AppIcon;
				ASSETCATALOG_COMPILER_GLOBAL_ACCENT_COLOR_NAME = AccentColor;
				CODE_SIGN_STYLE = Automatic;
				CURRENT_PROJECT_VERSION = 1;
				DEVELOPMENT_TEAM = 938JD88GS4;
				GENERATE_INFOPLIST_FILE = YES;
				INFOPLIST_FILE = NetworkRequests/Info.plist;
				INFOPLIST_KEY_UIApplicationSupportsIndirectInputEvents = YES;
				INFOPLIST_KEY_UILaunchStoryboardName = LaunchScreen;
				INFOPLIST_KEY_UIMainStoryboardFile = Main;
				INFOPLIST_KEY_UISupportedInterfaceOrientations_iPad = "UIInterfaceOrientationPortrait UIInterfaceOrientationPortraitUpsideDown UIInterfaceOrientationLandscapeLeft UIInterfaceOrientationLandscapeRight";
				INFOPLIST_KEY_UISupportedInterfaceOrientations_iPhone = "UIInterfaceOrientationPortrait UIInterfaceOrientationLandscapeLeft UIInterfaceOrientationLandscapeRight";
				LD_RUNPATH_SEARCH_PATHS = (
					"$(inherited)",
					"@executable_path/Frameworks",
				);
				MARKETING_VERSION = 1.0;
				PRODUCT_BUNDLE_IDENTIFIER = com.ayush.NetworkRequests;
				PRODUCT_NAME = "$(TARGET_NAME)";
				SWIFT_EMIT_LOC_STRINGS = YES;
				SWIFT_VERSION = 5.0;
				TARGETED_DEVICE_FAMILY = "1,2";
			};
			name = Debug;
		};
		3A39BCA629A11DD6002E3F0F /* Release */ = {
			isa = XCBuildConfiguration;
			buildSettings = {
				ASSETCATALOG_COMPILER_APPICON_NAME = AppIcon;
				ASSETCATALOG_COMPILER_GLOBAL_ACCENT_COLOR_NAME = AccentColor;
				CODE_SIGN_STYLE = Automatic;
				CURRENT_PROJECT_VERSION = 1;
				DEVELOPMENT_TEAM = 938JD88GS4;
				GENERATE_INFOPLIST_FILE = YES;
				INFOPLIST_FILE = NetworkRequests/Info.plist;
				INFOPLIST_KEY_UIApplicationSupportsIndirectInputEvents = YES;
				INFOPLIST_KEY_UILaunchStoryboardName = LaunchScreen;
				INFOPLIST_KEY_UIMainStoryboardFile = Main;
				INFOPLIST_KEY_UISupportedInterfaceOrientations_iPad = "UIInterfaceOrientationPortrait UIInterfaceOrientationPortraitUpsideDown UIInterfaceOrientationLandscapeLeft UIInterfaceOrientationLandscapeRight";
				INFOPLIST_KEY_UISupportedInterfaceOrientations_iPhone = "UIInterfaceOrientationPortrait UIInterfaceOrientationLandscapeLeft UIInterfaceOrientationLandscapeRight";
				LD_RUNPATH_SEARCH_PATHS = (
					"$(inherited)",
					"@executable_path/Frameworks",
				);
				MARKETING_VERSION = 1.0;
				PRODUCT_BUNDLE_IDENTIFIER = com.ayush.NetworkRequests;
				PRODUCT_NAME = "$(TARGET_NAME)";
				SWIFT_EMIT_LOC_STRINGS = YES;
				SWIFT_VERSION = 5.0;
				TARGETED_DEVICE_FAMILY = "1,2";
			};
			name = Release;
		};
		3A39BCA829A11DD6002E3F0F /* Debug */ = {
			isa = XCBuildConfiguration;
			buildSettings = {
				ALWAYS_EMBED_SWIFT_STANDARD_LIBRARIES = YES;
				BUNDLE_LOADER = "$(TEST_HOST)";
				CLANG_ENABLE_MODULES = YES;
				CODE_SIGN_STYLE = Automatic;
				CURRENT_PROJECT_VERSION = 1;
				DEVELOPMENT_TEAM = 938JD88GS4;
				GENERATE_INFOPLIST_FILE = YES;
				IPHONEOS_DEPLOYMENT_TARGET = 16.2;
				LD_RUNPATH_SEARCH_PATHS = (
					"$(inherited)",
					"@executable_path/Frameworks",
					"@loader_path/Frameworks",
				);
				MARKETING_VERSION = 1.0;
				PRODUCT_BUNDLE_IDENTIFIER = com.ayush.NetworkRequestsTests;
				PRODUCT_NAME = "$(TARGET_NAME)";
				SWIFT_EMIT_LOC_STRINGS = NO;
				SWIFT_OPTIMIZATION_LEVEL = "-Onone";
				SWIFT_VERSION = 5.0;
				TARGETED_DEVICE_FAMILY = "1,2";
				TEST_HOST = "$(BUILT_PRODUCTS_DIR)/NetworkRequests.app/$(BUNDLE_EXECUTABLE_FOLDER_PATH)/NetworkRequests";
			};
			name = Debug;
		};
		3A39BCA929A11DD6002E3F0F /* Release */ = {
			isa = XCBuildConfiguration;
			buildSettings = {
				ALWAYS_EMBED_SWIFT_STANDARD_LIBRARIES = YES;
				BUNDLE_LOADER = "$(TEST_HOST)";
				CLANG_ENABLE_MODULES = YES;
				CODE_SIGN_STYLE = Automatic;
				CURRENT_PROJECT_VERSION = 1;
				DEVELOPMENT_TEAM = 938JD88GS4;
				GENERATE_INFOPLIST_FILE = YES;
				IPHONEOS_DEPLOYMENT_TARGET = 16.2;
				LD_RUNPATH_SEARCH_PATHS = (
					"$(inherited)",
					"@executable_path/Frameworks",
					"@loader_path/Frameworks",
				);
				MARKETING_VERSION = 1.0;
				PRODUCT_BUNDLE_IDENTIFIER = com.ayush.NetworkRequestsTests;
				PRODUCT_NAME = "$(TARGET_NAME)";
				SWIFT_EMIT_LOC_STRINGS = NO;
				SWIFT_VERSION = 5.0;
				TARGETED_DEVICE_FAMILY = "1,2";
				TEST_HOST = "$(BUILT_PRODUCTS_DIR)/NetworkRequests.app/$(BUNDLE_EXECUTABLE_FOLDER_PATH)/NetworkRequests";
			};
			name = Release;
		};
/* End XCBuildConfiguration section */

/* Begin XCConfigurationList section */
		3A39BC7529A11DD4002E3F0F /* Build configuration list for PBXProject "NetworkRequests" */ = {
			isa = XCConfigurationList;
			buildConfigurations = (
				3A39BCA229A11DD6002E3F0F /* Debug */,
				3A39BCA329A11DD6002E3F0F /* Release */,
			);
			defaultConfigurationIsVisible = 0;
			defaultConfigurationName = Release;
		};
		3A39BCA429A11DD6002E3F0F /* Build configuration list for PBXNativeTarget "NetworkRequests" */ = {
			isa = XCConfigurationList;
			buildConfigurations = (
				3A39BCA529A11DD6002E3F0F /* Debug */,
				3A39BCA629A11DD6002E3F0F /* Release */,
			);
			defaultConfigurationIsVisible = 0;
			defaultConfigurationName = Release;
		};
		3A39BCA729A11DD6002E3F0F /* Build configuration list for PBXNativeTarget "NetworkRequestsTests" */ = {
			isa = XCConfigurationList;
			buildConfigurations = (
				3A39BCA829A11DD6002E3F0F /* Debug */,
				3A39BCA929A11DD6002E3F0F /* Release */,
			);
			defaultConfigurationIsVisible = 0;
			defaultConfigurationName = Release;
		};
/* End XCConfigurationList section */
	};
	rootObject = 3A39BC7229A11DD4002E3F0F /* Project object */;
}
